PODS:
  - InAppSettingsKit (2.9)
  - libpd (0.10.0)
  - SocketRocket (0.6.0)

DEPENDENCIES:
  - InAppSettingsKit
  - libpd (from `https://github.com/libpd/libpd`)
  - SocketRocket (~> 0.6)

SPEC REPOS:
  trunk:
    - InAppSettingsKit
    - SocketRocket

EXTERNAL SOURCES:
  libpd:
    :git: https://github.com/libpd/libpd
    :submodules: true

CHECKOUT OPTIONS:
  libpd:
    :commit: 9b87a36d50b72ab5e1182fa072dd32868e3ec6d2
    :git: https://github.com/libpd/libpd
    :submodules: true

SPEC CHECKSUMS:
  InAppSettingsKit: fc3dea21846535b76b8289b119dbfdbe2505b2b2
  libpd: 77d1445db7649a0d2357f0b5fd83409799008f62
  SocketRocket: fccef3f9c5cedea1353a9ef6ada904fde10d6608

PODFILE CHECKSUM: 700e371cb1b852dfd3a6eff15f8b93e4df4352fc

COCOAPODS: 1.16.2
