PODS:
  - Audiobus (2.3.1)
  - InAppSettingsKit (2.7.1)
  - libpd (0.8.3)
  - SocketRocket (0.3.1-beta2)

DEPENDENCIES:
  - Audiobus (~> 2.1)
  - InAppSettingsKit
  - libpd (from `https://github.com/libpd/libpd`)
  - SocketRocket (= 0.3.1-beta2)

EXTERNAL SOURCES:
  libpd:
    :git: https://github.com/libpd/libpd
    :submodules: true

CHECKOUT OPTIONS:
  libpd:
    :commit: ad548cc7600e7f95a894389764bca822c0b0cdae
    :git: https://github.com/libpd/libpd
    :submodules: true

SPEC CHECKSUMS:
  Audiobus: d75ef3f0d625abf3007a147548423e76ca61043d
  InAppSettingsKit: 2b9fcdb82cdff2f99c51cae544e9f4df0df7afbf
  libpd: d758aa585c2f1d6f0d85fcfc99da4ec509172e75
  SocketRocket: 7284ab9370a06c99aba92b2fe3a32aedd0f9a6fa

PODFILE CHECKSUM: 1092ab6a53c992a9631b4e8c88b84af0c8eec741

COCOAPODS: 1.2.0
