// !$*UTF8*$!
{
	archiveVersion = 1;
	classes = {
	};
	objectVersion = 46;
	objects = {

/* Begin PBXBuildFile section */
		0080F29AE221607AEC9FEBB2 /* HvSignalTabread.c in Sources */ = {isa = PBXBuildFile; fileRef = CE8C10AD809EF72DD1412569 /* HvSignalTabread.c */; settings = {COMPILER_FLAGS = "-DNDEBUG=1"; }; };
		1168CEEE4C2E62A5386A8DBC /* HeavyContext.cpp in Sources */ = {isa = PBXBuildFile; fileRef = FD0FDFFAD4BF84CB253B5E5E /* HeavyContext.cpp */; settings = {COMPILER_FLAGS = "-DNDEBUG=1"; }; };
		253C6EC4279FE57F225475C6 /* HvHeavy.cpp in Sources */ = {isa = PBXBuildFile; fileRef = E639AB16AB339C0F8205E7A5 /* HvHeavy.cpp */; settings = {COMPILER_FLAGS = "-DNDEBUG=1"; }; };
		28CBC137CFF31317AD3BB7D5 /* Heavy_PhaseRing.cpp in Sources */ = {isa = PBXBuildFile; fileRef = 428C98EDD9CB035CB92C47E4 /* Heavy_PhaseRing.cpp */; settings = {COMPILER_FLAGS = "-DNDEBUG=1"; }; };
		2A9BB914A154333EF5982238 /* HvSignalSample.c in Sources */ = {isa = PBXBuildFile; fileRef = B52C15682211B825339F3D5E /* HvSignalSample.c */; settings = {COMPILER_FLAGS = "-DNDEBUG=1"; }; };
		33DECCE7006A625406719942 /* libPods-PhaseRings.a in Frameworks */ = {isa = PBXBuildFile; fileRef = 76616B931294942E675C36DB /* libPods-PhaseRings.a */; };
		3B856ACC2796448B5B0A6BF1 /* HvSignalSamphold.c in Sources */ = {isa = PBXBuildFile; fileRef = 01FC7AB9ACA93342B9072359 /* HvSignalSamphold.c */; settings = {COMPILER_FLAGS = "-DNDEBUG=1"; }; };
		5243D28320B972DF28C2304C /* HvControlCast.c in Sources */ = {isa = PBXBuildFile; fileRef = B36DD2DC31F76BC78E342A2C /* HvControlCast.c */; settings = {COMPILER_FLAGS = "-DNDEBUG=1"; }; };
		53DEBB85CC615B727C3CAD6D /* HvControlExpr.c in Sources */ = {isa = PBXBuildFile; fileRef = 466B30A208A5F840D29155C5 /* HvControlExpr.c */; settings = {COMPILER_FLAGS = "-DNDEBUG=1"; }; };
		54ABA3028B87F638B161E2C6 /* HvSignalTabwrite.c in Sources */ = {isa = PBXBuildFile; fileRef = 858298FEF53AEEE260581533 /* HvSignalTabwrite.c */; settings = {COMPILER_FLAGS = "-DNDEBUG=1"; }; };
		560F91263CC9815ED4B0ABDB /* HvLightPipe.c in Sources */ = {isa = PBXBuildFile; fileRef = 5BF987159D3E71423493A444 /* HvLightPipe.c */; settings = {COMPILER_FLAGS = "-DNDEBUG=1"; }; };
		5623759A19F7610F004F1281 /* MetatoneMidiManager.m in Sources */ = {isa = PBXBuildFile; fileRef = 5623759019F7610F004F1281 /* MetatoneMidiManager.m */; };
		5623759B19F7610F004F1281 /* PGMidi.mm in Sources */ = {isa = PBXBuildFile; fileRef = 5623759319F7610F004F1281 /* PGMidi.mm */; };
		5623759C19F7610F004F1281 /* PGMidiAllSources.mm in Sources */ = {isa = PBXBuildFile; fileRef = 5623759519F7610F004F1281 /* PGMidiAllSources.mm */; };
		5623759D19F7610F004F1281 /* PGMidiFind.mm in Sources */ = {isa = PBXBuildFile; fileRef = 5623759719F7610F004F1281 /* PGMidiFind.mm */; };
		562375C319F764FC004F1281 /* F53OSCBundle.m in Sources */ = {isa = PBXBuildFile; fileRef = 562375A219F764FC004F1281 /* F53OSCBundle.m */; };
		562375C419F764FC004F1281 /* F53OSCClient.m in Sources */ = {isa = PBXBuildFile; fileRef = 562375A419F764FC004F1281 /* F53OSCClient.m */; };
		562375C519F764FC004F1281 /* F53OSCMessage.m in Sources */ = {isa = PBXBuildFile; fileRef = 562375A719F764FC004F1281 /* F53OSCMessage.m */; };
		562375C619F764FC004F1281 /* F53OSCPacket.m in Sources */ = {isa = PBXBuildFile; fileRef = 562375A919F764FC004F1281 /* F53OSCPacket.m */; };
		562375C719F764FC004F1281 /* F53OSCParser.m in Sources */ = {isa = PBXBuildFile; fileRef = 562375AB19F764FC004F1281 /* F53OSCParser.m */; };
		562375C819F764FC004F1281 /* F53OSCServer.m in Sources */ = {isa = PBXBuildFile; fileRef = 562375AE19F764FC004F1281 /* F53OSCServer.m */; };
		562375C919F764FC004F1281 /* F53OSCSocket.m in Sources */ = {isa = PBXBuildFile; fileRef = 562375B019F764FC004F1281 /* F53OSCSocket.m */; };
		562375CA19F764FC004F1281 /* F53OSCTimeTag.m in Sources */ = {isa = PBXBuildFile; fileRef = 562375B219F764FC004F1281 /* F53OSCTimeTag.m */; };
		562375CB19F764FC004F1281 /* GCDAsyncSocket.m in Sources */ = {isa = PBXBuildFile; fileRef = 562375B419F764FC004F1281 /* GCDAsyncSocket.m */; };
		562375CC19F764FC004F1281 /* GCDAsyncUdpSocket.m in Sources */ = {isa = PBXBuildFile; fileRef = 562375B619F764FC004F1281 /* GCDAsyncUdpSocket.m */; };
		562375CE19F764FC004F1281 /* MetatoneNetworkManager.m in Sources */ = {isa = PBXBuildFile; fileRef = 562375B919F764FC004F1281 /* MetatoneNetworkManager.m */; };
		562375CF19F764FC004F1281 /* NSData+F53OSCBlob.m in Sources */ = {isa = PBXBuildFile; fileRef = 562375BB19F764FC004F1281 /* NSData+F53OSCBlob.m */; };
		562375D019F764FC004F1281 /* NSDate+F53OSCTimeTag.m in Sources */ = {isa = PBXBuildFile; fileRef = 562375BD19F764FC004F1281 /* NSDate+F53OSCTimeTag.m */; };
		562375D119F764FC004F1281 /* NSNumber+F53OSCNumber.m in Sources */ = {isa = PBXBuildFile; fileRef = 562375BF19F764FC004F1281 /* NSNumber+F53OSCNumber.m */; };
		562375D219F764FC004F1281 /* NSString+F53OSCString.m in Sources */ = {isa = PBXBuildFile; fileRef = 562375C119F764FC004F1281 /* NSString+F53OSCString.m */; };
		562375D519F76CF7004F1281 /* Launch Screen.xib in Resources */ = {isa = PBXBuildFile; fileRef = 562375D419F76CF7004F1281 /* Launch Screen.xib */; };
		5623DB64188CDB3800AA6C14 /* Foundation.framework in Frameworks */ = {isa = PBXBuildFile; fileRef = 5623DB63188CDB3800AA6C14 /* Foundation.framework */; };
		5623DB66188CDB3800AA6C14 /* CoreGraphics.framework in Frameworks */ = {isa = PBXBuildFile; fileRef = 5623DB65188CDB3800AA6C14 /* CoreGraphics.framework */; };
		5623DB68188CDB3800AA6C14 /* UIKit.framework in Frameworks */ = {isa = PBXBuildFile; fileRef = 5623DB67188CDB3800AA6C14 /* UIKit.framework */; };
		5623DB6E188CDB3800AA6C14 /* InfoPlist.strings in Resources */ = {isa = PBXBuildFile; fileRef = 5623DB6C188CDB3800AA6C14 /* InfoPlist.strings */; };
		5623DB70188CDB3800AA6C14 /* main.m in Sources */ = {isa = PBXBuildFile; fileRef = 5623DB6F188CDB3800AA6C14 /* main.m */; };
		5623DB74188CDB3800AA6C14 /* AppDelegate.m in Sources */ = {isa = PBXBuildFile; fileRef = 5623DB73188CDB3800AA6C14 /* AppDelegate.m */; };
		5623DB77188CDB3800AA6C14 /* Main.storyboard in Resources */ = {isa = PBXBuildFile; fileRef = 5623DB75188CDB3800AA6C14 /* Main.storyboard */; };
		5623DB7A188CDB3800AA6C14 /* ViewController.m in Sources */ = {isa = PBXBuildFile; fileRef = 5623DB79188CDB3800AA6C14 /* ViewController.m */; };
		5623DB7C188CDB3800AA6C14 /* Images.xcassets in Resources */ = {isa = PBXBuildFile; fileRef = 5623DB7B188CDB3800AA6C14 /* Images.xcassets */; };
		5623DB83188CDB3800AA6C14 /* XCTest.framework in Frameworks */ = {isa = PBXBuildFile; fileRef = 5623DB82188CDB3800AA6C14 /* XCTest.framework */; };
		5623DB84188CDB3800AA6C14 /* Foundation.framework in Frameworks */ = {isa = PBXBuildFile; fileRef = 5623DB63188CDB3800AA6C14 /* Foundation.framework */; };
		5623DB85188CDB3800AA6C14 /* UIKit.framework in Frameworks */ = {isa = PBXBuildFile; fileRef = 5623DB67188CDB3800AA6C14 /* UIKit.framework */; };
		5623DE7A188CDCEA00AA6C14 /* AVFoundation.framework in Frameworks */ = {isa = PBXBuildFile; fileRef = 5623DE79188CDCEA00AA6C14 /* AVFoundation.framework */; };
		5623DE7C188CDCEF00AA6C14 /* CoreAudio.framework in Frameworks */ = {isa = PBXBuildFile; fileRef = 5623DE7B188CDCEF00AA6C14 /* CoreAudio.framework */; };
		5623DE80188CDD1900AA6C14 /* AudioToolbox.framework in Frameworks */ = {isa = PBXBuildFile; fileRef = 5623DE7F188CDD1900AA6C14 /* AudioToolbox.framework */; };
		5623DE82188CDD2B00AA6C14 /* QuartzCore.framework in Frameworks */ = {isa = PBXBuildFile; fileRef = 5623DE81188CDD2B00AA6C14 /* QuartzCore.framework */; };
		5630CFAC19FE06DE00B3DC89 /* CircleStringsSynthEnvironment.pd in Resources */ = {isa = PBXBuildFile; fileRef = 5630CFAB19FE06DE00B3DC89 /* CircleStringsSynthEnvironment.pd */; };
		564807E71F2EF8B100E01FB2 /* PhaseRingsUITests.swift in Sources */ = {isa = PBXBuildFile; fileRef = 564807E61F2EF8B100E01FB2 /* PhaseRingsUITests.swift */; };
		564C44B31952B05500FD0E8B /* GenerativeSetupComposition.m in Sources */ = {isa = PBXBuildFile; fileRef = 564C44B21952B05500FD0E8B /* GenerativeSetupComposition.m */; };
		564C44B71952BE7500FD0E8B /* ScaleMaker.m in Sources */ = {isa = PBXBuildFile; fileRef = 564C44B61952BE7500FD0E8B /* ScaleMaker.m */; };
		5658053618C82C44003F3394 /* Settings.bundle in Resources */ = {isa = PBXBuildFile; fileRef = 5658053518C82C44003F3394 /* Settings.bundle */; };
		565A2324188F94AE00093B32 /* SingingBowlView.m in Sources */ = {isa = PBXBuildFile; fileRef = 565A2323188F94AE00093B32 /* SingingBowlView.m */; };
		565A2328188F94CA00093B32 /* SingingBowlSetup.m in Sources */ = {isa = PBXBuildFile; fileRef = 565A2327188F94CA00093B32 /* SingingBowlSetup.m */; };
		5674AF24195011370052121E /* MetatoneEnsembleView.m in Sources */ = {isa = PBXBuildFile; fileRef = 5674AF23195011370052121E /* MetatoneEnsembleView.m */; };
		568A0C6D18C96F41007E9A8C /* StudyInBowls1.m in Sources */ = {isa = PBXBuildFile; fileRef = 568A0C6C18C96F41007E9A8C /* StudyInBowls1.m */; };
		568BDC151A03488B0056CF22 /* SoundScraperSynthEnvironment.pd in Resources */ = {isa = PBXBuildFile; fileRef = 568BDC0E1A03488B0056CF22 /* SoundScraperSynthEnvironment.pd */; };
		568BDC201A0349300056CF22 /* almglockenC-441.wav in Resources */ = {isa = PBXBuildFile; fileRef = 568BDC1A1A0349300056CF22 /* almglockenC-441.wav */; };
		568BDC211A0349300056CF22 /* bowl.wav in Resources */ = {isa = PBXBuildFile; fileRef = 568BDC1B1A0349300056CF22 /* bowl.wav */; };
		568BDC221A0349300056CF22 /* crotale.wav in Resources */ = {isa = PBXBuildFile; fileRef = 568BDC1C1A0349300056CF22 /* crotale.wav */; };
		568BDC231A0349300056CF22 /* gong.wav in Resources */ = {isa = PBXBuildFile; fileRef = 568BDC1D1A0349300056CF22 /* gong.wav */; };
		568BDC241A0349300056CF22 /* marimba.wav in Resources */ = {isa = PBXBuildFile; fileRef = 568BDC1E1A0349300056CF22 /* marimba.wav */; };
		568BDC251A0349300056CF22 /* xylo.wav in Resources */ = {isa = PBXBuildFile; fileRef = 568BDC1F1A0349300056CF22 /* xylo.wav */; };
		56B02B091DA2961F00274E5C /* StateSaver.m in Sources */ = {isa = PBXBuildFile; fileRef = 56B02B081DA2961F00274E5C /* StateSaver.m */; };
		56B7898F1897327D00B6AE22 /* SingingBowlComposition.m in Sources */ = {isa = PBXBuildFile; fileRef = 56B7898E1897327D00B6AE22 /* SingingBowlComposition.m */; };
		56C28DB6194A968400E015BB /* NoteColours.m in Sources */ = {isa = PBXBuildFile; fileRef = 56C28DB5194A968400E015BB /* NoteColours.m */; };
		56E172601991EAF500A36C74 /* PhaseRingSynthEnvironment.pd in Resources */ = {isa = PBXBuildFile; fileRef = 56E170F61991EAF400A36C74 /* PhaseRingSynthEnvironment.pd */; };
		5A76991AF34A2EB108B29E71 /* HvMessageQueue.c in Sources */ = {isa = PBXBuildFile; fileRef = 34CC452CBAD21F646C05C6A0 /* HvMessageQueue.c */; settings = {COMPILER_FLAGS = "-DNDEBUG=1"; }; };
		5BA7D538F9CF235A4D80A66D /* HvSignalCPole.c in Sources */ = {isa = PBXBuildFile; fileRef = 26AF030D210A82D97C257F73 /* HvSignalCPole.c */; settings = {COMPILER_FLAGS = "-DNDEBUG=1"; }; };
		652E3D065D483AADE2AB3279 /* HvSignalDel1.c in Sources */ = {isa = PBXBuildFile; fileRef = 45A6353B9F4E60E1A98356B2 /* HvSignalDel1.c */; settings = {COMPILER_FLAGS = "-DNDEBUG=1"; }; };
		6A4CE84C355795479A4FCDC1 /* HvTable.c in Sources */ = {isa = PBXBuildFile; fileRef = 37EBA2B91A6F16BCDADC17C3 /* HvTable.c */; settings = {COMPILER_FLAGS = "-DNDEBUG=1"; }; };
		746BA5C5D0F3D2A2858CC3DC /* Heavy_CircleStrings.cpp in Sources */ = {isa = PBXBuildFile; fileRef = 892B47D35CF810104B4C42EE /* Heavy_CircleStrings.cpp */; settings = {COMPILER_FLAGS = "-DNDEBUG=1"; }; };
		748802CE390F2C70AC21EEA7 /* HvControlSystem.c in Sources */ = {isa = PBXBuildFile; fileRef = 482912D803CAB5E3EC914837 /* HvControlSystem.c */; settings = {COMPILER_FLAGS = "-DNDEBUG=1"; }; };
		7DD7E2AB55E0911A1A904496 /* HvControlPrint.c in Sources */ = {isa = PBXBuildFile; fileRef = FCD5032104499221471BDC9E /* HvControlPrint.c */; settings = {COMPILER_FLAGS = "-DNDEBUG=1"; }; };
		7E06061100000000000000C0 /* ScaleMakerTests.m in Sources */ = {isa = PBXBuildFile; fileRef = 7E06061000000000000000C0 /* ScaleMakerTests.m */; };
		7E06062100000000000000C0 /* SingingBowlSetupTests.m in Sources */ = {isa = PBXBuildFile; fileRef = 7E06062000000000000000C0 /* SingingBowlSetupTests.m */; };
		7E06063100000000000000C0 /* GenerativeSetupCompositionTests.m in Sources */ = {isa = PBXBuildFile; fileRef = 7E06063000000000000000C0 /* GenerativeSetupCompositionTests.m */; };
		80078AC03EF90BA07DCAF9EA /* HvControlRandom.c in Sources */ = {isa = PBXBuildFile; fileRef = 683719E9BAF0E9DE0D818048 /* HvControlRandom.c */; settings = {COMPILER_FLAGS = "-DNDEBUG=1"; }; };
		807A8872DBFEF41ABF5DC360 /* HvSignalRPole.c in Sources */ = {isa = PBXBuildFile; fileRef = 0F9D2A61945CCBD427232797 /* HvSignalRPole.c */; settings = {COMPILER_FLAGS = "-DNDEBUG=1"; }; };
		89392BB21169E7EFA88F227B /* HvMessagePool.c in Sources */ = {isa = PBXBuildFile; fileRef = 784C69286474DE9E2F1FD647 /* HvMessagePool.c */; settings = {COMPILER_FLAGS = "-DNDEBUG=1"; }; };
		94BA3A23188B65CD10B7EE54 /* Heavy_SoundScraper.cpp in Sources */ = {isa = PBXBuildFile; fileRef = AE9BEA404E7EB05414E801FE /* Heavy_SoundScraper.cpp */; settings = {COMPILER_FLAGS = "-DNDEBUG=1"; }; };
		A2314649EABB3D54316896B4 /* HvMessage.c in Sources */ = {isa = PBXBuildFile; fileRef = B81CF6CC1BD01753F81C3994 /* HvMessage.c */; settings = {COMPILER_FLAGS = "-DNDEBUG=1"; }; };
		A9F0513D4A01FEF52F03BAC1 /* HvSignalVar.c in Sources */ = {isa = PBXBuildFile; fileRef = BB44084D2A465E69A6F69233 /* HvSignalVar.c */; settings = {COMPILER_FLAGS = "-DNDEBUG=1"; }; };
		AB102CAD8253A85186C189F1 /* HeavyAudioEngine.mm in Sources */ = {isa = PBXBuildFile; fileRef = 8DABAA2BD4E2B6A6D7B75B7B /* HeavyAudioEngine.mm */; };
		B433C27E694AB8EE649DA106 /* HvSignalLine.c in Sources */ = {isa = PBXBuildFile; fileRef = B908E2342DA6B89A6DF0E013 /* HvSignalLine.c */; settings = {COMPILER_FLAGS = "-DNDEBUG=1"; }; };
		D5AE7CFB87D666F428F8EC58 /* HvUtils.c in Sources */ = {isa = PBXBuildFile; fileRef = 02D1C6631130EDDD71E60A75 /* HvUtils.c */; settings = {COMPILER_FLAGS = "-DNDEBUG=1"; }; };
		D948F3C40BB71B5B5B7D5E1C /* HvControlVar.c in Sources */ = {isa = PBXBuildFile; fileRef = 4BD5F2F485EACAE2467E1C7B /* HvControlVar.c */; settings = {COMPILER_FLAGS = "-DNDEBUG=1"; }; };
		DCCE5A10BF97634D35FD78EC /* HvControlBinop.c in Sources */ = {isa = PBXBuildFile; fileRef = 487482FAE349EDF4B3F969FD /* HvControlBinop.c */; settings = {COMPILER_FLAGS = "-DNDEBUG=1"; }; };
		E178B2E862A5903400C0AA23 /* HvControlPack.c in Sources */ = {isa = PBXBuildFile; fileRef = DD6A6949BF6370B835684456 /* HvControlPack.c */; settings = {COMPILER_FLAGS = "-DNDEBUG=1"; }; };
		E5BB5E0648299DF8742BCB55 /* HvSignalPhasor.c in Sources */ = {isa = PBXBuildFile; fileRef = 3E3A82A2688600C5FBDB4733 /* HvSignalPhasor.c */; settings = {COMPILER_FLAGS = "-DNDEBUG=1"; }; };
		E7D6B2145A6353375BCAD363 /* HvControlTabhead.c in Sources */ = {isa = PBXBuildFile; fileRef = D4F39841559427FB8815F160 /* HvControlTabhead.c */; settings = {COMPILER_FLAGS = "-DNDEBUG=1"; }; };
		EB5E7A6D04CBCCF34E14FF84 /* HvControlUnop.c in Sources */ = {isa = PBXBuildFile; fileRef = 884885FA465AFDDEEBE2F09D /* HvControlUnop.c */; settings = {COMPILER_FLAGS = "-DNDEBUG=1"; }; };
		F36A7E0CB8F0F7F4A7E70209 /* HvControlDelay.c in Sources */ = {isa = PBXBuildFile; fileRef = 95C12C1BB015347AFBEA52CF /* HvControlDelay.c */; settings = {COMPILER_FLAGS = "-DNDEBUG=1"; }; };
		FCFA2BCE66A43E0DB6F47ADA /* HvControlIf.c in Sources */ = {isa = PBXBuildFile; fileRef = 4C27A3B7F5987F7906FD1FFC /* HvControlIf.c */; settings = {COMPILER_FLAGS = "-DNDEBUG=1"; }; };
		FD1520809715183C4338EFE1 /* HvControlSlice.c in Sources */ = {isa = PBXBuildFile; fileRef = 8A9615FD9DCBD0906DEA597D /* HvControlSlice.c */; settings = {COMPILER_FLAGS = "-DNDEBUG=1"; }; };
/* End PBXBuildFile section */

/* Begin PBXContainerItemProxy section */
		5623DB86188CDB3800AA6C14 /* PBXContainerItemProxy */ = {
			isa = PBXContainerItemProxy;
			containerPortal = 5623DB58188CDB3800AA6C14 /* Project object */;
			proxyType = 1;
			remoteGlobalIDString = 5623DB5F188CDB3800AA6C14;
			remoteInfo = PhaseRings;
		};
		564807E91F2EF8B100E01FB2 /* PBXContainerItemProxy */ = {
			isa = PBXContainerItemProxy;
			containerPortal = 5623DB58188CDB3800AA6C14 /* Project object */;
			proxyType = 1;
			remoteGlobalIDString = 5623DB5F188CDB3800AA6C14;
			remoteInfo = PhaseRings;
		};
/* End PBXContainerItemProxy section */

/* Begin PBXFileReference section */
		014B5CC089669435EFA368FB /* HvSignalTabwrite.h */ = {isa = PBXFileReference; includeInIndex = 1; lastKnownFileType = sourcecode.c.h; path = HvSignalTabwrite.h; sourceTree = "<group>"; };
		01FC7AB9ACA93342B9072359 /* HvSignalSamphold.c */ = {isa = PBXFileReference; includeInIndex = 1; path = HvSignalSamphold.c; sourceTree = "<group>"; };
		02D1C6631130EDDD71E60A75 /* HvUtils.c */ = {isa = PBXFileReference; includeInIndex = 1; path = HvUtils.c; sourceTree = "<group>"; };
		04C6158C7DD079557BCC2C3D /* HvSignalRPole.h */ = {isa = PBXFileReference; includeInIndex = 1; lastKnownFileType = sourcecode.c.h; path = HvSignalRPole.h; sourceTree = "<group>"; };
		088119280FAFA6FADE7AE23E /* Pods-PhaseRings.debug.xcconfig */ = {isa = PBXFileReference; includeInIndex = 1; lastKnownFileType = text.xcconfig; name = "Pods-PhaseRings.debug.xcconfig"; path = "Pods/Target Support Files/Pods-PhaseRings/Pods-PhaseRings.debug.xcconfig"; sourceTree = "<group>"; };
		0F9D2A61945CCBD427232797 /* HvSignalRPole.c */ = {isa = PBXFileReference; includeInIndex = 1; path = HvSignalRPole.c; sourceTree = "<group>"; };
		11B215A6A9DDDB48C2640928 /* HvControlTabhead.h */ = {isa = PBXFileReference; includeInIndex = 1; lastKnownFileType = sourcecode.c.h; path = HvControlTabhead.h; sourceTree = "<group>"; };
		126E77D691DDA86C5EDCFB87 /* HvSignalSample.h */ = {isa = PBXFileReference; includeInIndex = 1; lastKnownFileType = sourcecode.c.h; path = HvSignalSample.h; sourceTree = "<group>"; };
		17C9C4202779949FD5154BB6 /* Heavy_SoundScraper.hpp */ = {isa = PBXFileReference; includeInIndex = 1; lastKnownFileType = sourcecode.cpp.h; path = Heavy_SoundScraper.hpp; sourceTree = "<group>"; };
		1AF7211A6792959BEB928BBD /* HvTable.h */ = {isa = PBXFileReference; includeInIndex = 1; lastKnownFileType = sourcecode.c.h; path = HvTable.h; sourceTree = "<group>"; };
		1FE9069EAF3F9CC110B3DF7A /* HvControlRandom.h */ = {isa = PBXFileReference; includeInIndex = 1; lastKnownFileType = sourcecode.c.h; path = HvControlRandom.h; sourceTree = "<group>"; };
		21A431BC486AA6339AD20B68 /* HvSignalLine.h */ = {isa = PBXFileReference; includeInIndex = 1; lastKnownFileType = sourcecode.c.h; path = HvSignalLine.h; sourceTree = "<group>"; };
		26AF030D210A82D97C257F73 /* HvSignalCPole.c */ = {isa = PBXFileReference; includeInIndex = 1; path = HvSignalCPole.c; sourceTree = "<group>"; };
		2856DC95FE9390C11D9E9BA2 /* HeavyContext.hpp */ = {isa = PBXFileReference; includeInIndex = 1; lastKnownFileType = sourcecode.cpp.h; path = HeavyContext.hpp; sourceTree = "<group>"; };
		29A84B5E5860ED0DD513DFB9 /* Heavy_PhaseRing.hpp */ = {isa = PBXFileReference; includeInIndex = 1; lastKnownFileType = sourcecode.cpp.h; path = Heavy_PhaseRing.hpp; sourceTree = "<group>"; };
		2DBBB5DD0D33792DB872A209 /* HvControlCast.h */ = {isa = PBXFileReference; includeInIndex = 1; lastKnownFileType = sourcecode.c.h; path = HvControlCast.h; sourceTree = "<group>"; };
		2DC9C4FDFBD477DE017095C7 /* HeavyContextInterface.hpp */ = {isa = PBXFileReference; includeInIndex = 1; lastKnownFileType = sourcecode.cpp.h; path = HeavyContextInterface.hpp; sourceTree = "<group>"; };
		315F84428BEA73E1BCA9BE45 /* HvControlSystem.h */ = {isa = PBXFileReference; includeInIndex = 1; lastKnownFileType = sourcecode.c.h; path = HvControlSystem.h; sourceTree = "<group>"; };
		34CC452CBAD21F646C05C6A0 /* HvMessageQueue.c */ = {isa = PBXFileReference; includeInIndex = 1; path = HvMessageQueue.c; sourceTree = "<group>"; };
		37EBA2B91A6F16BCDADC17C3 /* HvTable.c */ = {isa = PBXFileReference; includeInIndex = 1; path = HvTable.c; sourceTree = "<group>"; };
		3897F6886EEAC46571302EF9 /* HvControlUnop.h */ = {isa = PBXFileReference; includeInIndex = 1; lastKnownFileType = sourcecode.c.h; path = HvControlUnop.h; sourceTree = "<group>"; };
		3A0114F5E08792A1FB4B70E9 /* Pods-PhaseRings.release.xcconfig */ = {isa = PBXFileReference; includeInIndex = 1; lastKnownFileType = text.xcconfig; name = "Pods-PhaseRings.release.xcconfig"; path = "Pods/Target Support Files/Pods-PhaseRings/Pods-PhaseRings.release.xcconfig"; sourceTree = "<group>"; };
		3A4EAE65D9C675E2C1DAE63B /* HvControlExpr.h */ = {isa = PBXFileReference; includeInIndex = 1; lastKnownFileType = sourcecode.c.h; path = HvControlExpr.h; sourceTree = "<group>"; };
		3E3A82A2688600C5FBDB4733 /* HvSignalPhasor.c */ = {isa = PBXFileReference; includeInIndex = 1; path = HvSignalPhasor.c; sourceTree = "<group>"; };
		3E9C5672740907622CBB4F24 /* Heavy_CircleStrings.hpp */ = {isa = PBXFileReference; includeInIndex = 1; lastKnownFileType = sourcecode.cpp.h; path = Heavy_CircleStrings.hpp; sourceTree = "<group>"; };
		3EB8ADFEE76F9E67EA1AD84D /* HvControlDelay.h */ = {isa = PBXFileReference; includeInIndex = 1; lastKnownFileType = sourcecode.c.h; path = HvControlDelay.h; sourceTree = "<group>"; };
		428C98EDD9CB035CB92C47E4 /* Heavy_PhaseRing.cpp */ = {isa = PBXFileReference; includeInIndex = 1; lastKnownFileType = sourcecode.cpp.cpp; path = Heavy_PhaseRing.cpp; sourceTree = "<group>"; };
		45A6353B9F4E60E1A98356B2 /* HvSignalDel1.c */ = {isa = PBXFileReference; includeInIndex = 1; path = HvSignalDel1.c; sourceTree = "<group>"; };
		466B30A208A5F840D29155C5 /* HvControlExpr.c */ = {isa = PBXFileReference; includeInIndex = 1; path = HvControlExpr.c; sourceTree = "<group>"; };
		468EDD0EFA2801DDCA94CE34 /* HvUtils.h */ = {isa = PBXFileReference; includeInIndex = 1; lastKnownFileType = sourcecode.c.h; path = HvUtils.h; sourceTree = "<group>"; };
		47C7E08979D304BD9772B19E /* HvLightPipe.h */ = {isa = PBXFileReference; includeInIndex = 1; lastKnownFileType = sourcecode.c.h; path = HvLightPipe.h; sourceTree = "<group>"; };
		482912D803CAB5E3EC914837 /* HvControlSystem.c */ = {isa = PBXFileReference; includeInIndex = 1; path = HvControlSystem.c; sourceTree = "<group>"; };
		487482FAE349EDF4B3F969FD /* HvControlBinop.c */ = {isa = PBXFileReference; includeInIndex = 1; path = HvControlBinop.c; sourceTree = "<group>"; };
		4BD5F2F485EACAE2467E1C7B /* HvControlVar.c */ = {isa = PBXFileReference; includeInIndex = 1; path = HvControlVar.c; sourceTree = "<group>"; };
		4C27A3B7F5987F7906FD1FFC /* HvControlIf.c */ = {isa = PBXFileReference; includeInIndex = 1; path = HvControlIf.c; sourceTree = "<group>"; };
		4D36508ED2DF643DA03E3015 /* HvSignalPhasor.h */ = {isa = PBXFileReference; includeInIndex = 1; lastKnownFileType = sourcecode.c.h; path = HvSignalPhasor.h; sourceTree = "<group>"; };
		533997F23658887E331C8FBF /* HvMath.h */ = {isa = PBXFileReference; includeInIndex = 1; lastKnownFileType = sourcecode.c.h; path = HvMath.h; sourceTree = "<group>"; };
		53E0FFA28EA818800F37CB64 /* Heavy_PhaseRing.h */ = {isa = PBXFileReference; includeInIndex = 1; lastKnownFileType = sourcecode.c.h; path = Heavy_PhaseRing.h; sourceTree = "<group>"; };
		5623758E19F7610F004F1281 /* iOSVersionDetection.h */ = {isa = PBXFileReference; fileEncoding = 4; lastKnownFileType = sourcecode.c.h; path = iOSVersionDetection.h; sourceTree = "<group>"; };
		5623758F19F7610F004F1281 /* MetatoneMidiManager.h */ = {isa = PBXFileReference; fileEncoding = 4; lastKnownFileType = sourcecode.c.h; path = MetatoneMidiManager.h; sourceTree = "<group>"; };
		5623759019F7610F004F1281 /* MetatoneMidiManager.m */ = {isa = PBXFileReference; fileEncoding = 4; lastKnownFileType = sourcecode.c.objc; path = MetatoneMidiManager.m; sourceTree = "<group>"; };
		5623759119F7610F004F1281 /* PGArc.h */ = {isa = PBXFileReference; fileEncoding = 4; lastKnownFileType = sourcecode.c.h; path = PGArc.h; sourceTree = "<group>"; };
		5623759219F7610F004F1281 /* PGMidi.h */ = {isa = PBXFileReference; fileEncoding = 4; lastKnownFileType = sourcecode.c.h; path = PGMidi.h; sourceTree = "<group>"; };
		5623759319F7610F004F1281 /* PGMidi.mm */ = {isa = PBXFileReference; fileEncoding = 4; lastKnownFileType = sourcecode.cpp.objcpp; path = PGMidi.mm; sourceTree = "<group>"; };
		5623759419F7610F004F1281 /* PGMidiAllSources.h */ = {isa = PBXFileReference; fileEncoding = 4; lastKnownFileType = sourcecode.c.h; path = PGMidiAllSources.h; sourceTree = "<group>"; };
		5623759519F7610F004F1281 /* PGMidiAllSources.mm */ = {isa = PBXFileReference; fileEncoding = 4; lastKnownFileType = sourcecode.cpp.objcpp; path = PGMidiAllSources.mm; sourceTree = "<group>"; };
		5623759619F7610F004F1281 /* PGMidiFind.h */ = {isa = PBXFileReference; fileEncoding = 4; lastKnownFileType = sourcecode.c.h; path = PGMidiFind.h; sourceTree = "<group>"; };
		5623759719F7610F004F1281 /* PGMidiFind.mm */ = {isa = PBXFileReference; fileEncoding = 4; lastKnownFileType = sourcecode.cpp.objcpp; path = PGMidiFind.mm; sourceTree = "<group>"; };
		562375A019F764FC004F1281 /* F53OSC.h */ = {isa = PBXFileReference; fileEncoding = 4; lastKnownFileType = sourcecode.c.h; path = F53OSC.h; sourceTree = "<group>"; };
		562375A119F764FC004F1281 /* F53OSCBundle.h */ = {isa = PBXFileReference; fileEncoding = 4; lastKnownFileType = sourcecode.c.h; path = F53OSCBundle.h; sourceTree = "<group>"; };
		562375A219F764FC004F1281 /* F53OSCBundle.m */ = {isa = PBXFileReference; fileEncoding = 4; lastKnownFileType = sourcecode.c.objc; path = F53OSCBundle.m; sourceTree = "<group>"; };
		562375A319F764FC004F1281 /* F53OSCClient.h */ = {isa = PBXFileReference; fileEncoding = 4; lastKnownFileType = sourcecode.c.h; path = F53OSCClient.h; sourceTree = "<group>"; };
		562375A419F764FC004F1281 /* F53OSCClient.m */ = {isa = PBXFileReference; fileEncoding = 4; lastKnownFileType = sourcecode.c.objc; path = F53OSCClient.m; sourceTree = "<group>"; };
		562375A519F764FC004F1281 /* F53OSCFoundationAdditions.h */ = {isa = PBXFileReference; fileEncoding = 4; lastKnownFileType = sourcecode.c.h; path = F53OSCFoundationAdditions.h; sourceTree = "<group>"; };
		562375A619F764FC004F1281 /* F53OSCMessage.h */ = {isa = PBXFileReference; fileEncoding = 4; lastKnownFileType = sourcecode.c.h; path = F53OSCMessage.h; sourceTree = "<group>"; };
		562375A719F764FC004F1281 /* F53OSCMessage.m */ = {isa = PBXFileReference; fileEncoding = 4; lastKnownFileType = sourcecode.c.objc; path = F53OSCMessage.m; sourceTree = "<group>"; };
		562375A819F764FC004F1281 /* F53OSCPacket.h */ = {isa = PBXFileReference; fileEncoding = 4; lastKnownFileType = sourcecode.c.h; path = F53OSCPacket.h; sourceTree = "<group>"; };
		562375A919F764FC004F1281 /* F53OSCPacket.m */ = {isa = PBXFileReference; fileEncoding = 4; lastKnownFileType = sourcecode.c.objc; path = F53OSCPacket.m; sourceTree = "<group>"; };
		562375AA19F764FC004F1281 /* F53OSCParser.h */ = {isa = PBXFileReference; fileEncoding = 4; lastKnownFileType = sourcecode.c.h; path = F53OSCParser.h; sourceTree = "<group>"; };
		562375AB19F764FC004F1281 /* F53OSCParser.m */ = {isa = PBXFileReference; fileEncoding = 4; lastKnownFileType = sourcecode.c.objc; path = F53OSCParser.m; sourceTree = "<group>"; };
		562375AC19F764FC004F1281 /* F53OSCProtocols.h */ = {isa = PBXFileReference; fileEncoding = 4; lastKnownFileType = sourcecode.c.h; path = F53OSCProtocols.h; sourceTree = "<group>"; };
		562375AD19F764FC004F1281 /* F53OSCServer.h */ = {isa = PBXFileReference; fileEncoding = 4; lastKnownFileType = sourcecode.c.h; path = F53OSCServer.h; sourceTree = "<group>"; };
		562375AE19F764FC004F1281 /* F53OSCServer.m */ = {isa = PBXFileReference; fileEncoding = 4; lastKnownFileType = sourcecode.c.objc; path = F53OSCServer.m; sourceTree = "<group>"; };
		562375AF19F764FC004F1281 /* F53OSCSocket.h */ = {isa = PBXFileReference; fileEncoding = 4; lastKnownFileType = sourcecode.c.h; path = F53OSCSocket.h; sourceTree = "<group>"; };
		562375B019F764FC004F1281 /* F53OSCSocket.m */ = {isa = PBXFileReference; fileEncoding = 4; lastKnownFileType = sourcecode.c.objc; path = F53OSCSocket.m; sourceTree = "<group>"; };
		562375B119F764FC004F1281 /* F53OSCTimeTag.h */ = {isa = PBXFileReference; fileEncoding = 4; lastKnownFileType = sourcecode.c.h; path = F53OSCTimeTag.h; sourceTree = "<group>"; };
		562375B219F764FC004F1281 /* F53OSCTimeTag.m */ = {isa = PBXFileReference; fileEncoding = 4; lastKnownFileType = sourcecode.c.objc; path = F53OSCTimeTag.m; sourceTree = "<group>"; };
		562375B319F764FC004F1281 /* GCDAsyncSocket.h */ = {isa = PBXFileReference; fileEncoding = 4; lastKnownFileType = sourcecode.c.h; path = GCDAsyncSocket.h; sourceTree = "<group>"; };
		562375B419F764FC004F1281 /* GCDAsyncSocket.m */ = {isa = PBXFileReference; fileEncoding = 4; lastKnownFileType = sourcecode.c.objc; path = GCDAsyncSocket.m; sourceTree = "<group>"; };
		562375B519F764FC004F1281 /* GCDAsyncUdpSocket.h */ = {isa = PBXFileReference; fileEncoding = 4; lastKnownFileType = sourcecode.c.h; path = GCDAsyncUdpSocket.h; sourceTree = "<group>"; };
		562375B619F764FC004F1281 /* GCDAsyncUdpSocket.m */ = {isa = PBXFileReference; fileEncoding = 4; lastKnownFileType = sourcecode.c.objc; path = GCDAsyncUdpSocket.m; sourceTree = "<group>"; };
		562375B819F764FC004F1281 /* MetatoneNetworkManager.h */ = {isa = PBXFileReference; fileEncoding = 4; lastKnownFileType = sourcecode.c.h; path = MetatoneNetworkManager.h; sourceTree = "<group>"; };
		562375B919F764FC004F1281 /* MetatoneNetworkManager.m */ = {isa = PBXFileReference; fileEncoding = 4; lastKnownFileType = sourcecode.c.objc; path = MetatoneNetworkManager.m; sourceTree = "<group>"; };
		562375BA19F764FC004F1281 /* NSData+F53OSCBlob.h */ = {isa = PBXFileReference; fileEncoding = 4; lastKnownFileType = sourcecode.c.h; path = "NSData+F53OSCBlob.h"; sourceTree = "<group>"; };
		562375BB19F764FC004F1281 /* NSData+F53OSCBlob.m */ = {isa = PBXFileReference; fileEncoding = 4; lastKnownFileType = sourcecode.c.objc; path = "NSData+F53OSCBlob.m"; sourceTree = "<group>"; };
		562375BC19F764FC004F1281 /* NSDate+F53OSCTimeTag.h */ = {isa = PBXFileReference; fileEncoding = 4; lastKnownFileType = sourcecode.c.h; path = "NSDate+F53OSCTimeTag.h"; sourceTree = "<group>"; };
		562375BD19F764FC004F1281 /* NSDate+F53OSCTimeTag.m */ = {isa = PBXFileReference; fileEncoding = 4; lastKnownFileType = sourcecode.c.objc; path = "NSDate+F53OSCTimeTag.m"; sourceTree = "<group>"; };
		562375BE19F764FC004F1281 /* NSNumber+F53OSCNumber.h */ = {isa = PBXFileReference; fileEncoding = 4; lastKnownFileType = sourcecode.c.h; path = "NSNumber+F53OSCNumber.h"; sourceTree = "<group>"; };
		562375BF19F764FC004F1281 /* NSNumber+F53OSCNumber.m */ = {isa = PBXFileReference; fileEncoding = 4; lastKnownFileType = sourcecode.c.objc; path = "NSNumber+F53OSCNumber.m"; sourceTree = "<group>"; };
		562375C019F764FC004F1281 /* NSString+F53OSCString.h */ = {isa = PBXFileReference; fileEncoding = 4; lastKnownFileType = sourcecode.c.h; path = "NSString+F53OSCString.h"; sourceTree = "<group>"; };
		562375C119F764FC004F1281 /* NSString+F53OSCString.m */ = {isa = PBXFileReference; fileEncoding = 4; lastKnownFileType = sourcecode.c.objc; path = "NSString+F53OSCString.m"; sourceTree = "<group>"; };
		562375D419F76CF7004F1281 /* Launch Screen.xib */ = {isa = PBXFileReference; fileEncoding = 4; lastKnownFileType = file.xib; name = "Launch Screen.xib"; path = "../Launch Screen.xib"; sourceTree = "<group>"; };
		5623DB60188CDB3800AA6C14 /* PhaseRings.app */ = {isa = PBXFileReference; explicitFileType = wrapper.application; includeInIndex = 0; path = PhaseRings.app; sourceTree = BUILT_PRODUCTS_DIR; };
		5623DB63188CDB3800AA6C14 /* Foundation.framework */ = {isa = PBXFileReference; lastKnownFileType = wrapper.framework; name = Foundation.framework; path = System/Library/Frameworks/Foundation.framework; sourceTree = SDKROOT; };
		5623DB65188CDB3800AA6C14 /* CoreGraphics.framework */ = {isa = PBXFileReference; lastKnownFileType = wrapper.framework; name = CoreGraphics.framework; path = System/Library/Frameworks/CoreGraphics.framework; sourceTree = SDKROOT; };
		5623DB67188CDB3800AA6C14 /* UIKit.framework */ = {isa = PBXFileReference; lastKnownFileType = wrapper.framework; name = UIKit.framework; path = System/Library/Frameworks/UIKit.framework; sourceTree = SDKROOT; };
		5623DB6B188CDB3800AA6C14 /* PhaseRings-Info.plist */ = {isa = PBXFileReference; lastKnownFileType = text.plist.xml; path = "PhaseRings-Info.plist"; sourceTree = "<group>"; };
		5623DB6D188CDB3800AA6C14 /* en */ = {isa = PBXFileReference; lastKnownFileType = text.plist.strings; name = en; path = en.lproj/InfoPlist.strings; sourceTree = "<group>"; };
		5623DB6F188CDB3800AA6C14 /* main.m */ = {isa = PBXFileReference; lastKnownFileType = sourcecode.c.objc; path = main.m; sourceTree = "<group>"; };
		5623DB71188CDB3800AA6C14 /* PhaseRings-Prefix.pch */ = {isa = PBXFileReference; lastKnownFileType = sourcecode.c.h; path = "PhaseRings-Prefix.pch"; sourceTree = "<group>"; };
		5623DB72188CDB3800AA6C14 /* AppDelegate.h */ = {isa = PBXFileReference; lastKnownFileType = sourcecode.c.h; path = AppDelegate.h; sourceTree = "<group>"; };
		5623DB73188CDB3800AA6C14 /* AppDelegate.m */ = {isa = PBXFileReference; lastKnownFileType = sourcecode.c.objc; path = AppDelegate.m; sourceTree = "<group>"; };
		5623DB76188CDB3800AA6C14 /* Base */ = {isa = PBXFileReference; lastKnownFileType = file.storyboard; name = Base; path = Base.lproj/Main.storyboard; sourceTree = "<group>"; };
		5623DB78188CDB3800AA6C14 /* ViewController.h */ = {isa = PBXFileReference; lastKnownFileType = sourcecode.c.h; name = ViewController.h; path = PhaseRings/ViewController.h; sourceTree = "<group>"; };
		5623DB79188CDB3800AA6C14 /* ViewController.m */ = {isa = PBXFileReference; lastKnownFileType = sourcecode.c.objc; name = ViewController.m; path = PhaseRings/ViewController.m; sourceTree = "<group>"; };
		5623DB7B188CDB3800AA6C14 /* Images.xcassets */ = {isa = PBXFileReference; lastKnownFileType = folder.assetcatalog; path = Images.xcassets; sourceTree = "<group>"; };
		5623DB81188CDB3800AA6C14 /* PhaseRingsTests.xctest */ = {isa = PBXFileReference; explicitFileType = wrapper.cfbundle; includeInIndex = 0; path = PhaseRingsTests.xctest; sourceTree = BUILT_PRODUCTS_DIR; };
		5623DB82188CDB3800AA6C14 /* XCTest.framework */ = {isa = PBXFileReference; lastKnownFileType = wrapper.framework; name = XCTest.framework; path = Library/Frameworks/XCTest.framework; sourceTree = DEVELOPER_DIR; };
		5623DE79188CDCEA00AA6C14 /* AVFoundation.framework */ = {isa = PBXFileReference; lastKnownFileType = wrapper.framework; name = AVFoundation.framework; path = System/Library/Frameworks/AVFoundation.framework; sourceTree = SDKROOT; };
		5623DE7B188CDCEF00AA6C14 /* CoreAudio.framework */ = {isa = PBXFileReference; lastKnownFileType = wrapper.framework; name = CoreAudio.framework; path = System/Library/Frameworks/CoreAudio.framework; sourceTree = SDKROOT; };
		5623DE7F188CDD1900AA6C14 /* AudioToolbox.framework */ = {isa = PBXFileReference; lastKnownFileType = wrapper.framework; name = AudioToolbox.framework; path = System/Library/Frameworks/AudioToolbox.framework; sourceTree = SDKROOT; };
		5623DE81188CDD2B00AA6C14 /* QuartzCore.framework */ = {isa = PBXFileReference; lastKnownFileType = wrapper.framework; name = QuartzCore.framework; path = System/Library/Frameworks/QuartzCore.framework; sourceTree = SDKROOT; };
		5630CFAB19FE06DE00B3DC89 /* CircleStringsSynthEnvironment.pd */ = {isa = PBXFileReference; fileEncoding = 4; lastKnownFileType = text; path = CircleStringsSynthEnvironment.pd; sourceTree = "<group>"; };
		564807E41F2EF8B100E01FB2 /* PhaseRingsUITests.xctest */ = {isa = PBXFileReference; explicitFileType = wrapper.cfbundle; includeInIndex = 0; path = PhaseRingsUITests.xctest; sourceTree = BUILT_PRODUCTS_DIR; };
		564807E61F2EF8B100E01FB2 /* PhaseRingsUITests.swift */ = {isa = PBXFileReference; lastKnownFileType = sourcecode.swift; path = PhaseRingsUITests.swift; sourceTree = "<group>"; };
		564807E81F2EF8B100E01FB2 /* Info.plist */ = {isa = PBXFileReference; lastKnownFileType = text.plist.xml; path = Info.plist; sourceTree = "<group>"; };
		564C44B11952B05500FD0E8B /* GenerativeSetupComposition.h */ = {isa = PBXFileReference; fileEncoding = 4; lastKnownFileType = sourcecode.c.h; path = GenerativeSetupComposition.h; sourceTree = "<group>"; };
		564C44B21952B05500FD0E8B /* GenerativeSetupComposition.m */ = {isa = PBXFileReference; fileEncoding = 4; lastKnownFileType = sourcecode.c.objc; path = GenerativeSetupComposition.m; sourceTree = "<group>"; };
		564C44B51952BE7500FD0E8B /* ScaleMaker.h */ = {isa = PBXFileReference; fileEncoding = 4; lastKnownFileType = sourcecode.c.h; path = ScaleMaker.h; sourceTree = "<group>"; };
		564C44B61952BE7500FD0E8B /* ScaleMaker.m */ = {isa = PBXFileReference; fileEncoding = 4; lastKnownFileType = sourcecode.c.objc; path = ScaleMaker.m; sourceTree = "<group>"; };
		5658053518C82C44003F3394 /* Settings.bundle */ = {isa = PBXFileReference; lastKnownFileType = "wrapper.plug-in"; path = Settings.bundle; sourceTree = "<group>"; };
		565A2322188F94AE00093B32 /* SingingBowlView.h */ = {isa = PBXFileReference; fileEncoding = 4; lastKnownFileType = sourcecode.c.h; path = SingingBowlView.h; sourceTree = "<group>"; };
		565A2323188F94AE00093B32 /* SingingBowlView.m */ = {isa = PBXFileReference; fileEncoding = 4; lastKnownFileType = sourcecode.c.objc; path = SingingBowlView.m; sourceTree = "<group>"; };
		565A2326188F94CA00093B32 /* SingingBowlSetup.h */ = {isa = PBXFileReference; fileEncoding = 4; lastKnownFileType = sourcecode.c.h; path = SingingBowlSetup.h; sourceTree = "<group>"; };
		565A2327188F94CA00093B32 /* SingingBowlSetup.m */ = {isa = PBXFileReference; fileEncoding = 4; lastKnownFileType = sourcecode.c.objc; path = SingingBowlSetup.m; sourceTree = "<group>"; };
		5674AF22195011370052121E /* MetatoneEnsembleView.h */ = {isa = PBXFileReference; fileEncoding = 4; lastKnownFileType = sourcecode.c.h; path = MetatoneEnsembleView.h; sourceTree = "<group>"; };
		5674AF23195011370052121E /* MetatoneEnsembleView.m */ = {isa = PBXFileReference; fileEncoding = 4; lastKnownFileType = sourcecode.c.objc; path = MetatoneEnsembleView.m; sourceTree = "<group>"; };
		568A0C6B18C96F41007E9A8C /* StudyInBowls1.h */ = {isa = PBXFileReference; fileEncoding = 4; lastKnownFileType = sourcecode.c.h; path = StudyInBowls1.h; sourceTree = "<group>"; };
		568A0C6C18C96F41007E9A8C /* StudyInBowls1.m */ = {isa = PBXFileReference; fileEncoding = 4; lastKnownFileType = sourcecode.c.objc; path = StudyInBowls1.m; sourceTree = "<group>"; };
		568BDC0E1A03488B0056CF22 /* SoundScraperSynthEnvironment.pd */ = {isa = PBXFileReference; fileEncoding = 4; lastKnownFileType = text; path = SoundScraperSynthEnvironment.pd; sourceTree = "<group>"; };
		568BDC1A1A0349300056CF22 /* almglockenC-441.wav */ = {isa = PBXFileReference; lastKnownFileType = audio.wav; path = "almglockenC-441.wav"; sourceTree = "<group>"; };
		568BDC1B1A0349300056CF22 /* bowl.wav */ = {isa = PBXFileReference; lastKnownFileType = audio.wav; path = bowl.wav; sourceTree = "<group>"; };
		568BDC1C1A0349300056CF22 /* crotale.wav */ = {isa = PBXFileReference; lastKnownFileType = audio.wav; path = crotale.wav; sourceTree = "<group>"; };
		568BDC1D1A0349300056CF22 /* gong.wav */ = {isa = PBXFileReference; lastKnownFileType = audio.wav; path = gong.wav; sourceTree = "<group>"; };
		568BDC1E1A0349300056CF22 /* marimba.wav */ = {isa = PBXFileReference; lastKnownFileType = audio.wav; path = marimba.wav; sourceTree = "<group>"; };
		568BDC1F1A0349300056CF22 /* xylo.wav */ = {isa = PBXFileReference; lastKnownFileType = audio.wav; path = xylo.wav; sourceTree = "<group>"; };
		56B02B071DA2961F00274E5C /* StateSaver.h */ = {isa = PBXFileReference; fileEncoding = 4; lastKnownFileType = sourcecode.c.h; path = StateSaver.h; sourceTree = "<group>"; };
		56B02B081DA2961F00274E5C /* StateSaver.m */ = {isa = PBXFileReference; fileEncoding = 4; lastKnownFileType = sourcecode.c.objc; path = StateSaver.m; sourceTree = "<group>"; };
		56B7898D1897327D00B6AE22 /* SingingBowlComposition.h */ = {isa = PBXFileReference; fileEncoding = 4; lastKnownFileType = sourcecode.c.h; path = SingingBowlComposition.h; sourceTree = "<group>"; };
		56B7898E1897327D00B6AE22 /* SingingBowlComposition.m */ = {isa = PBXFileReference; fileEncoding = 4; lastKnownFileType = sourcecode.c.objc; path = SingingBowlComposition.m; sourceTree = "<group>"; };
		56C28DB4194A968400E015BB /* NoteColours.h */ = {isa = PBXFileReference; fileEncoding = 4; lastKnownFileType = sourcecode.c.h; path = NoteColours.h; sourceTree = "<group>"; };
		56C28DB5194A968400E015BB /* NoteColours.m */ = {isa = PBXFileReference; fileEncoding = 4; lastKnownFileType = sourcecode.c.objc; path = NoteColours.m; sourceTree = "<group>"; };
		56E170F61991EAF400A36C74 /* PhaseRingSynthEnvironment.pd */ = {isa = PBXFileReference; fileEncoding = 4; lastKnownFileType = text; path = PhaseRingSynthEnvironment.pd; sourceTree = "<group>"; };
		56FF15F71A8B03AE0061BCD7 /* PhaseRings.entitlements */ = {isa = PBXFileReference; lastKnownFileType = text.xml; path = PhaseRings.entitlements; sourceTree = "<group>"; };
		5BF987159D3E71423493A444 /* HvLightPipe.c */ = {isa = PBXFileReference; includeInIndex = 1; path = HvLightPipe.c; sourceTree = "<group>"; };
		5FB97CEBEC317A8442553017 /* HvControlIf.h */ = {isa = PBXFileReference; includeInIndex = 1; lastKnownFileType = sourcecode.c.h; path = HvControlIf.h; sourceTree = "<group>"; };
		64A942139DEC119150EF6802 /* HvMessagePool.h */ = {isa = PBXFileReference; includeInIndex = 1; lastKnownFileType = sourcecode.c.h; path = HvMessagePool.h; sourceTree = "<group>"; };
		64B966E10C0E6C91E37862D2 /* HvSignalDel1.h */ = {isa = PBXFileReference; includeInIndex = 1; lastKnownFileType = sourcecode.c.h; path = HvSignalDel1.h; sourceTree = "<group>"; };
		65157A84CD0AEDA96AB911FC /* HvSignalSamphold.h */ = {isa = PBXFileReference; includeInIndex = 1; lastKnownFileType = sourcecode.c.h; path = HvSignalSamphold.h; sourceTree = "<group>"; };
		683719E9BAF0E9DE0D818048 /* HvControlRandom.c */ = {isa = PBXFileReference; includeInIndex = 1; path = HvControlRandom.c; sourceTree = "<group>"; };
		76616B931294942E675C36DB /* libPods-PhaseRings.a */ = {isa = PBXFileReference; explicitFileType = archive.ar; includeInIndex = 0; path = "libPods-PhaseRings.a"; sourceTree = BUILT_PRODUCTS_DIR; };
		784C69286474DE9E2F1FD647 /* HvMessagePool.c */ = {isa = PBXFileReference; includeInIndex = 1; path = HvMessagePool.c; sourceTree = "<group>"; };
		7E06060200000000000000C0 /* PhaseRingsTests-Info.plist */ = {isa = PBXFileReference; lastKnownFileType = text.plist.xml; path = "PhaseRingsTests-Info.plist"; sourceTree = "<group>"; };
		7E06061000000000000000C0 /* ScaleMakerTests.m */ = {isa = PBXFileReference; lastKnownFileType = sourcecode.c.objc; path = ScaleMakerTests.m; sourceTree = "<group>"; };
		7E06062000000000000000C0 /* SingingBowlSetupTests.m */ = {isa = PBXFileReference; lastKnownFileType = sourcecode.c.objc; path = SingingBowlSetupTests.m; sourceTree = "<group>"; };
		7E06063000000000000000C0 /* GenerativeSetupCompositionTests.m */ = {isa = PBXFileReference; lastKnownFileType = sourcecode.c.objc; path = GenerativeSetupCompositionTests.m; sourceTree = "<group>"; };
		858298FEF53AEEE260581533 /* HvSignalTabwrite.c */ = {isa = PBXFileReference; includeInIndex = 1; path = HvSignalTabwrite.c; sourceTree = "<group>"; };
		87AB7071917D578141A53F6E /* Heavy_CircleStrings.h */ = {isa = PBXFileReference; includeInIndex = 1; lastKnownFileType = sourcecode.c.h; path = Heavy_CircleStrings.h; sourceTree = "<group>"; };
		884885FA465AFDDEEBE2F09D /* HvControlUnop.c */ = {isa = PBXFileReference; includeInIndex = 1; path = HvControlUnop.c; sourceTree = "<group>"; };
		892B47D35CF810104B4C42EE /* Heavy_CircleStrings.cpp */ = {isa = PBXFileReference; includeInIndex = 1; lastKnownFileType = sourcecode.cpp.cpp; path = Heavy_CircleStrings.cpp; sourceTree = "<group>"; };
		8A9615FD9DCBD0906DEA597D /* HvControlSlice.c */ = {isa = PBXFileReference; includeInIndex = 1; path = HvControlSlice.c; sourceTree = "<group>"; };
		8DABAA2BD4E2B6A6D7B75B7B /* HeavyAudioEngine.mm */ = {isa = PBXFileReference; includeInIndex = 1; lastKnownFileType = sourcecode.cpp.objcpp; name = HeavyAudioEngine.mm; path = PhaseRings/HeavyAudioEngine.mm; sourceTree = "<group>"; };
		95C12C1BB015347AFBEA52CF /* HvControlDelay.c */ = {isa = PBXFileReference; includeInIndex = 1; path = HvControlDelay.c; sourceTree = "<group>"; };
		991F3F34CB3D27F757E5BAF9 /* HvControlPack.h */ = {isa = PBXFileReference; includeInIndex = 1; lastKnownFileType = sourcecode.c.h; path = HvControlPack.h; sourceTree = "<group>"; };
		A20FC596D7BC37908DF377CD /* HvMessageQueue.h */ = {isa = PBXFileReference; includeInIndex = 1; lastKnownFileType = sourcecode.c.h; path = HvMessageQueue.h; sourceTree = "<group>"; };
		A4807D5DF44E3514CD31B71C /* Heavy_SoundScraper.h */ = {isa = PBXFileReference; includeInIndex = 1; lastKnownFileType = sourcecode.c.h; path = Heavy_SoundScraper.h; sourceTree = "<group>"; };
		AE9BEA404E7EB05414E801FE /* Heavy_SoundScraper.cpp */ = {isa = PBXFileReference; includeInIndex = 1; lastKnownFileType = sourcecode.cpp.cpp; path = Heavy_SoundScraper.cpp; sourceTree = "<group>"; };
		B36DD2DC31F76BC78E342A2C /* HvControlCast.c */ = {isa = PBXFileReference; includeInIndex = 1; path = HvControlCast.c; sourceTree = "<group>"; };
		B39ECAD5C2A257CF8B852FA6 /* HvControlVar.h */ = {isa = PBXFileReference; includeInIndex = 1; lastKnownFileType = sourcecode.c.h; path = HvControlVar.h; sourceTree = "<group>"; };
		B4F512D0D5E565F4B379ABC4 /* HvControlBinop.h */ = {isa = PBXFileReference; includeInIndex = 1; lastKnownFileType = sourcecode.c.h; path = HvControlBinop.h; sourceTree = "<group>"; };
		B52C15682211B825339F3D5E /* HvSignalSample.c */ = {isa = PBXFileReference; includeInIndex = 1; path = HvSignalSample.c; sourceTree = "<group>"; };
		B81CF6CC1BD01753F81C3994 /* HvMessage.c */ = {isa = PBXFileReference; includeInIndex = 1; path = HvMessage.c; sourceTree = "<group>"; };
		B908E2342DA6B89A6DF0E013 /* HvSignalLine.c */ = {isa = PBXFileReference; includeInIndex = 1; path = HvSignalLine.c; sourceTree = "<group>"; };
		BB44084D2A465E69A6F69233 /* HvSignalVar.c */ = {isa = PBXFileReference; includeInIndex = 1; path = HvSignalVar.c; sourceTree = "<group>"; };
		CE8C10AD809EF72DD1412569 /* HvSignalTabread.c */ = {isa = PBXFileReference; includeInIndex = 1; path = HvSignalTabread.c; sourceTree = "<group>"; };
		D4F39841559427FB8815F160 /* HvControlTabhead.c */ = {isa = PBXFileReference; includeInIndex = 1; path = HvControlTabhead.c; sourceTree = "<group>"; };
		D64C6617E243FBB985D7147C /* HvSignalVar.h */ = {isa = PBXFileReference; includeInIndex = 1; lastKnownFileType = sourcecode.c.h; path = HvSignalVar.h; sourceTree = "<group>"; };
		D9E8785F8C49BAC32170B85F /* HvControlPrint.h */ = {isa = PBXFileReference; includeInIndex = 1; lastKnownFileType = sourcecode.c.h; path = HvControlPrint.h; sourceTree = "<group>"; };
		DCA12DDC28F8DF4C57E82F08 /* HvHeavy.h */ = {isa = PBXFileReference; includeInIndex = 1; lastKnownFileType = sourcecode.c.h; path = HvHeavy.h; sourceTree = "<group>"; };
		DD2A9C78DBDD9730133C34DD /* HeavyAudioEngine.h */ = {isa = PBXFileReference; includeInIndex = 1; lastKnownFileType = sourcecode.c.h; name = HeavyAudioEngine.h; path = PhaseRings/HeavyAudioEngine.h; sourceTree = "<group>"; };
		DD64FE8BDEEF670F690F9D0E /* HvControlSlice.h */ = {isa = PBXFileReference; includeInIndex = 1; lastKnownFileType = sourcecode.c.h; path = HvControlSlice.h; sourceTree = "<group>"; };
		DD6A6949BF6370B835684456 /* HvControlPack.c */ = {isa = PBXFileReference; includeInIndex = 1; path = HvControlPack.c; sourceTree = "<group>"; };
		E639AB16AB339C0F8205E7A5 /* HvHeavy.cpp */ = {isa = PBXFileReference; includeInIndex = 1; lastKnownFileType = sourcecode.cpp.cpp; path = HvHeavy.cpp; sourceTree = "<group>"; };
		EDD955AE2D3FC37E09050CFD /* HvHeavyInternal.h */ = {isa = PBXFileReference; includeInIndex = 1; lastKnownFileType = sourcecode.c.h; path = HvHeavyInternal.h; sourceTree = "<group>"; };
		EE88E14A2EC4BC4F6D078C4A /* HvMessage.h */ = {isa = PBXFileReference; includeInIndex = 1; lastKnownFileType = sourcecode.c.h; path = HvMessage.h; sourceTree = "<group>"; };
		F1699809945C11171C5779D2 /* HvSignalTabread.h */ = {isa = PBXFileReference; includeInIndex = 1; lastKnownFileType = sourcecode.c.h; path = HvSignalTabread.h; sourceTree = "<group>"; };
		FCD5032104499221471BDC9E /* HvControlPrint.c */ = {isa = PBXFileReference; includeInIndex = 1; path = HvControlPrint.c; sourceTree = "<group>"; };
		FD0FDFFAD4BF84CB253B5E5E /* HeavyContext.cpp */ = {isa = PBXFileReference; includeInIndex = 1; lastKnownFileType = sourcecode.cpp.cpp; path = HeavyContext.cpp; sourceTree = "<group>"; };
		FE0C580D4E202C8470200EC5 /* HvSignalCPole.h */ = {isa = PBXFileReference; includeInIndex = 1; lastKnownFileType = sourcecode.c.h; path = HvSignalCPole.h; sourceTree = "<group>"; };
/* End PBXFileReference section */

/* Begin PBXFrameworksBuildPhase section */
		5623DB5D188CDB3800AA6C14 /* Frameworks */ = {
			isa = PBXFrameworksBuildPhase;
			buildActionMask = 2147483647;
			files = (
				5623DE82188CDD2B00AA6C14 /* QuartzCore.framework in Frameworks */,
				5623DB66188CDB3800AA6C14 /* CoreGraphics.framework in Frameworks */,
				5623DE80188CDD1900AA6C14 /* AudioToolbox.framework in Frameworks */,
				5623DE7C188CDCEF00AA6C14 /* CoreAudio.framework in Frameworks */,
				5623DE7A188CDCEA00AA6C14 /* AVFoundation.framework in Frameworks */,
				5623DB68188CDB3800AA6C14 /* UIKit.framework in Frameworks */,
				5623DB64188CDB3800AA6C14 /* Foundation.framework in Frameworks */,
				33DECCE7006A625406719942 /* libPods-PhaseRings.a in Frameworks */,
			);
			runOnlyForDeploymentPostprocessing = 0;
		};
		5623DB7E188CDB3800AA6C14 /* Frameworks */ = {
			isa = PBXFrameworksBuildPhase;
			buildActionMask = 2147483647;
			files = (
				5623DB83188CDB3800AA6C14 /* XCTest.framework in Frameworks */,
				5623DB85188CDB3800AA6C14 /* UIKit.framework in Frameworks */,
				5623DB84188CDB3800AA6C14 /* Foundation.framework in Frameworks */,
			);
			runOnlyForDeploymentPostprocessing = 0;
		};
		564807E11F2EF8B100E01FB2 /* Frameworks */ = {
			isa = PBXFrameworksBuildPhase;
			buildActionMask = 2147483647;
			files = (
			);
			runOnlyForDeploymentPostprocessing = 0;
		};
/* End PBXFrameworksBuildPhase section */

/* Begin PBXGroup section */
		1923074F1B65C45B6EC0C69D /* Heavy_PhaseRing */ = {
			isa = PBXGroup;
			children = (
				428C98EDD9CB035CB92C47E4 /* Heavy_PhaseRing.cpp */,
				53E0FFA28EA818800F37CB64 /* Heavy_PhaseRing.h */,
				29A84B5E5860ED0DD513DFB9 /* Heavy_PhaseRing.hpp */,
			);
			name = Heavy_PhaseRing;
			path = Heavy_PhaseRing;
			sourceTree = "<group>";
		};
		2F7BA407A93C887960E303B7 /* Heavy_SoundScraper */ = {
			isa = PBXGroup;
			children = (
				AE9BEA404E7EB05414E801FE /* Heavy_SoundScraper.cpp */,
				A4807D5DF44E3514CD31B71C /* Heavy_SoundScraper.h */,
				17C9C4202779949FD5154BB6 /* Heavy_SoundScraper.hpp */,
			);
			name = Heavy_SoundScraper;
			path = Heavy_SoundScraper;
			sourceTree = "<group>";
		};
		5623758C19F7610F004F1281 /* MetatoneMIDI */ = {
			isa = PBXGroup;
			children = (
				5623758E19F7610F004F1281 /* iOSVersionDetection.h */,
				5623758F19F7610F004F1281 /* MetatoneMidiManager.h */,
				5623759019F7610F004F1281 /* MetatoneMidiManager.m */,
				5623759119F7610F004F1281 /* PGArc.h */,
				5623759219F7610F004F1281 /* PGMidi.h */,
				5623759319F7610F004F1281 /* PGMidi.mm */,
				5623759419F7610F004F1281 /* PGMidiAllSources.h */,
				5623759519F7610F004F1281 /* PGMidiAllSources.mm */,
				5623759619F7610F004F1281 /* PGMidiFind.h */,
				5623759719F7610F004F1281 /* PGMidiFind.mm */,
			);
			path = MetatoneMIDI;
			sourceTree = "<group>";
		};
		5623759F19F764FC004F1281 /* MetatoneOSC */ = {
			isa = PBXGroup;
			children = (
				562375A019F764FC004F1281 /* F53OSC.h */,
				562375A119F764FC004F1281 /* F53OSCBundle.h */,
				562375A219F764FC004F1281 /* F53OSCBundle.m */,
				562375A319F764FC004F1281 /* F53OSCClient.h */,
				562375A419F764FC004F1281 /* F53OSCClient.m */,
				562375A519F764FC004F1281 /* F53OSCFoundationAdditions.h */,
				562375A619F764FC004F1281 /* F53OSCMessage.h */,
				562375A719F764FC004F1281 /* F53OSCMessage.m */,
				562375A819F764FC004F1281 /* F53OSCPacket.h */,
				562375A919F764FC004F1281 /* F53OSCPacket.m */,
				562375AA19F764FC004F1281 /* F53OSCParser.h */,
				562375AB19F764FC004F1281 /* F53OSCParser.m */,
				562375AC19F764FC004F1281 /* F53OSCProtocols.h */,
				562375AD19F764FC004F1281 /* F53OSCServer.h */,
				562375AE19F764FC004F1281 /* F53OSCServer.m */,
				562375AF19F764FC004F1281 /* F53OSCSocket.h */,
				562375B019F764FC004F1281 /* F53OSCSocket.m */,
				562375B119F764FC004F1281 /* F53OSCTimeTag.h */,
				562375B219F764FC004F1281 /* F53OSCTimeTag.m */,
				562375B319F764FC004F1281 /* GCDAsyncSocket.h */,
				562375B419F764FC004F1281 /* GCDAsyncSocket.m */,
				562375B519F764FC004F1281 /* GCDAsyncUdpSocket.h */,
				562375B619F764FC004F1281 /* GCDAsyncUdpSocket.m */,
				562375B819F764FC004F1281 /* MetatoneNetworkManager.h */,
				562375B919F764FC004F1281 /* MetatoneNetworkManager.m */,
				562375BA19F764FC004F1281 /* NSData+F53OSCBlob.h */,
				562375BB19F764FC004F1281 /* NSData+F53OSCBlob.m */,
				562375BC19F764FC004F1281 /* NSDate+F53OSCTimeTag.h */,
				562375BD19F764FC004F1281 /* NSDate+F53OSCTimeTag.m */,
				562375BE19F764FC004F1281 /* NSNumber+F53OSCNumber.h */,
				562375BF19F764FC004F1281 /* NSNumber+F53OSCNumber.m */,
				562375C019F764FC004F1281 /* NSString+F53OSCString.h */,
				562375C119F764FC004F1281 /* NSString+F53OSCString.m */,
			);
			path = MetatoneOSC;
			sourceTree = "<group>";
		};
		5623DB57188CDB3800AA6C14 = {
			isa = PBXGroup;
			children = (
				56FF15F71A8B03AE0061BCD7 /* PhaseRings.entitlements */,
				56B7898C1897324900B6AE22 /* models */,
				56C59EA71F48614D002D5C8B /* controllers */,
				56B7898A1897323F00B6AE22 /* views */,
				5623759F19F764FC004F1281 /* MetatoneOSC */,
				5623758C19F7610F004F1281 /* MetatoneMIDI */,
				56E170F51991EAF400A36C74 /* Synth */,
				5623DB69188CDB3800AA6C14 /* PhaseRings */,
				7E06060100000000000000C0 /* PhaseRingsTests */,
				564807E51F2EF8B100E01FB2 /* PhaseRingsUITests */,
				5623DB62188CDB3800AA6C14 /* Frameworks */,
				5623DB61188CDB3800AA6C14 /* Products */,
				A7860A3DAE3EC731FB516FD3 /* Pods */,
				7AFC714D9D0F8F95D3DC8891 /* Heavy */,
			);
			sourceTree = "<group>";
		};
		5623DB61188CDB3800AA6C14 /* Products */ = {
			isa = PBXGroup;
			children = (
				5623DB60188CDB3800AA6C14 /* PhaseRings.app */,
				5623DB81188CDB3800AA6C14 /* PhaseRingsTests.xctest */,
				564807E41F2EF8B100E01FB2 /* PhaseRingsUITests.xctest */,
			);
			name = Products;
			sourceTree = "<group>";
		};
		5623DB62188CDB3800AA6C14 /* Frameworks */ = {
			isa = PBXGroup;
			children = (
				5623DE81188CDD2B00AA6C14 /* QuartzCore.framework */,
				5623DE7F188CDD1900AA6C14 /* AudioToolbox.framework */,
				5623DE7B188CDCEF00AA6C14 /* CoreAudio.framework */,
				5623DE79188CDCEA00AA6C14 /* AVFoundation.framework */,
				5623DB63188CDB3800AA6C14 /* Foundation.framework */,
				5623DB65188CDB3800AA6C14 /* CoreGraphics.framework */,
				5623DB67188CDB3800AA6C14 /* UIKit.framework */,
				5623DB82188CDB3800AA6C14 /* XCTest.framework */,
				76616B931294942E675C36DB /* libPods-PhaseRings.a */,
			);
			name = Frameworks;
			sourceTree = "<group>";
		};
		5623DB69188CDB3800AA6C14 /* PhaseRings */ = {
			isa = PBXGroup;
			children = (
				5623DB72188CDB3800AA6C14 /* AppDelegate.h */,
				5623DB73188CDB3800AA6C14 /* AppDelegate.m */,
				5623DB7B188CDB3800AA6C14 /* Images.xcassets */,
				5623DB6A188CDB3800AA6C14 /* Supporting Files */,
				5658053518C82C44003F3394 /* Settings.bundle */,
			);
			path = PhaseRings;
			sourceTree = "<group>";
		};
		5623DB6A188CDB3800AA6C14 /* Supporting Files */ = {
			isa = PBXGroup;
			children = (
				5623DB6B188CDB3800AA6C14 /* PhaseRings-Info.plist */,
				5623DB6C188CDB3800AA6C14 /* InfoPlist.strings */,
				5623DB6F188CDB3800AA6C14 /* main.m */,
				5623DB71188CDB3800AA6C14 /* PhaseRings-Prefix.pch */,
			);
			name = "Supporting Files";
			sourceTree = "<group>";
		};
		5630CFB119FE06ED00B3DC89 /* metaPdLibs */ = {
			isa = PBXGroup;
			children = (
				5630CFB219FE06ED00B3DC89 /* control */,
				5630CFB719FE06ED00B3DC89 /* fx */,
				5630CFBC19FE06ED00B3DC89 /* instruments */,
				5630CFC119FE06ED00B3DC89 /* scales */,
			);
			path = metaPdLibs;
			sourceTree = "<group>";
		};
		5630CFB219FE06ED00B3DC89 /* control */ = {
			isa = PBXGroup;
			children = (
			);
			path = control;
			sourceTree = "<group>";
		};
		5630CFB719FE06ED00B3DC89 /* fx */ = {
			isa = PBXGroup;
			children = (
			);
			path = fx;
			sourceTree = "<group>";
		};
		5630CFBC19FE06ED00B3DC89 /* instruments */ = {
			isa = PBXGroup;
			children = (
			);
			path = instruments;
			sourceTree = "<group>";
		};
		5630CFC119FE06ED00B3DC89 /* scales */ = {
			isa = PBXGroup;
			children = (
			);
			path = scales;
			sourceTree = "<group>";
		};
		564807E51F2EF8B100E01FB2 /* PhaseRingsUITests */ = {
			isa = PBXGroup;
			children = (
				564807E61F2EF8B100E01FB2 /* PhaseRingsUITests.swift */,
				564807E81F2EF8B100E01FB2 /* Info.plist */,
			);
			path = PhaseRingsUITests;
			sourceTree = "<group>";
		};
		568BDC191A0349300056CF22 /* samples */ = {
			isa = PBXGroup;
			children = (
				568BDC1A1A0349300056CF22 /* almglockenC-441.wav */,
				568BDC1B1A0349300056CF22 /* bowl.wav */,
				568BDC1C1A0349300056CF22 /* crotale.wav */,
				568BDC1D1A0349300056CF22 /* gong.wav */,
				568BDC1E1A0349300056CF22 /* marimba.wav */,
				568BDC1F1A0349300056CF22 /* xylo.wav */,
			);
			path = samples;
			sourceTree = "<group>";
		};
		56B7898A1897323F00B6AE22 /* views */ = {
			isa = PBXGroup;
			children = (
				562375D419F76CF7004F1281 /* Launch Screen.xib */,
				5623DB75188CDB3800AA6C14 /* Main.storyboard */,
				565A2322188F94AE00093B32 /* SingingBowlView.h */,
				565A2323188F94AE00093B32 /* SingingBowlView.m */,
				5674AF22195011370052121E /* MetatoneEnsembleView.h */,
				5674AF23195011370052121E /* MetatoneEnsembleView.m */,
			);
			name = views;
			path = PhaseRings;
			sourceTree = "<group>";
		};
		56B7898C1897324900B6AE22 /* models */ = {
			isa = PBXGroup;
			children = (
				56C28DB4194A968400E015BB /* NoteColours.h */,
				56C28DB5194A968400E015BB /* NoteColours.m */,
				565A2326188F94CA00093B32 /* SingingBowlSetup.h */,
				565A2327188F94CA00093B32 /* SingingBowlSetup.m */,
				56B7898D1897327D00B6AE22 /* SingingBowlComposition.h */,
				56B7898E1897327D00B6AE22 /* SingingBowlComposition.m */,
				568A0C6B18C96F41007E9A8C /* StudyInBowls1.h */,
				568A0C6C18C96F41007E9A8C /* StudyInBowls1.m */,
				564C44B11952B05500FD0E8B /* GenerativeSetupComposition.h */,
				564C44B21952B05500FD0E8B /* GenerativeSetupComposition.m */,
				564C44B51952BE7500FD0E8B /* ScaleMaker.h */,
				564C44B61952BE7500FD0E8B /* ScaleMaker.m */,
				56B02B071DA2961F00274E5C /* StateSaver.h */,
				56B02B081DA2961F00274E5C /* StateSaver.m */,
			);
			name = models;
			path = PhaseRings;
			sourceTree = "<group>";
		};
		56C59EA71F48614D002D5C8B /* controllers */ = {
			isa = PBXGroup;
			children = (
				5623DB78188CDB3800AA6C14 /* ViewController.h */,
				5623DB79188CDB3800AA6C14 /* ViewController.m */,
				DD2A9C78DBDD9730133C34DD /* HeavyAudioEngine.h */,
				8DABAA2BD4E2B6A6D7B75B7B /* HeavyAudioEngine.mm */,
			);
			name = controllers;
			sourceTree = "<group>";
		};
		56E170F51991EAF400A36C74 /* Synth */ = {
			isa = PBXGroup;
			children = (
				568BDC191A0349300056CF22 /* samples */,
				5630CFB119FE06ED00B3DC89 /* metaPdLibs */,
				568BDC0E1A03488B0056CF22 /* SoundScraperSynthEnvironment.pd */,
				5630CFAB19FE06DE00B3DC89 /* CircleStringsSynthEnvironment.pd */,
				56E170F61991EAF400A36C74 /* PhaseRingSynthEnvironment.pd */,
			);
			name = Synth;
			path = PhaseRingSynth;
			sourceTree = "<group>";
		};
		7AFC714D9D0F8F95D3DC8891 /* Heavy */ = {
			isa = PBXGroup;
			children = (
				F751449CB1EFBBA9DE18A92D /* shared */,
				1923074F1B65C45B6EC0C69D /* Heavy_PhaseRing */,
				97CC70EF20884DE6B33519CD /* Heavy_CircleStrings */,
				2F7BA407A93C887960E303B7 /* Heavy_SoundScraper */,
			);
			name = Heavy;
			path = PhaseRings/Heavy;
			sourceTree = "<group>";
		};
		7E06060100000000000000C0 /* PhaseRingsTests */ = {
			isa = PBXGroup;
			children = (
				7E06061000000000000000C0 /* ScaleMakerTests.m */,
				7E06062000000000000000C0 /* SingingBowlSetupTests.m */,
				7E06063000000000000000C0 /* GenerativeSetupCompositionTests.m */,
				7E06060200000000000000C0 /* PhaseRingsTests-Info.plist */,
			);
			path = PhaseRingsTests;
			sourceTree = "<group>";
		};
		97CC70EF20884DE6B33519CD /* Heavy_CircleStrings */ = {
			isa = PBXGroup;
			children = (
				892B47D35CF810104B4C42EE /* Heavy_CircleStrings.cpp */,
				87AB7071917D578141A53F6E /* Heavy_CircleStrings.h */,
				3E9C5672740907622CBB4F24 /* Heavy_CircleStrings.hpp */,
			);
			name = Heavy_CircleStrings;
			path = Heavy_CircleStrings;
			sourceTree = "<group>";
		};
		A7860A3DAE3EC731FB516FD3 /* Pods */ = {
			isa = PBXGroup;
			children = (
				088119280FAFA6FADE7AE23E /* Pods-PhaseRings.debug.xcconfig */,
				3A0114F5E08792A1FB4B70E9 /* Pods-PhaseRings.release.xcconfig */,
			);
			name = Pods;
			sourceTree = "<group>";
		};
		F751449CB1EFBBA9DE18A92D /* shared */ = {
			isa = PBXGroup;
			children = (
				FD0FDFFAD4BF84CB253B5E5E /* HeavyContext.cpp */,
				2856DC95FE9390C11D9E9BA2 /* HeavyContext.hpp */,
				2DC9C4FDFBD477DE017095C7 /* HeavyContextInterface.hpp */,
				487482FAE349EDF4B3F969FD /* HvControlBinop.c */,
				B4F512D0D5E565F4B379ABC4 /* HvControlBinop.h */,
				B36DD2DC31F76BC78E342A2C /* HvControlCast.c */,
				2DBBB5DD0D33792DB872A209 /* HvControlCast.h */,
				95C12C1BB015347AFBEA52CF /* HvControlDelay.c */,
				3EB8ADFEE76F9E67EA1AD84D /* HvControlDelay.h */,
				466B30A208A5F840D29155C5 /* HvControlExpr.c */,
				3A4EAE65D9C675E2C1DAE63B /* HvControlExpr.h */,
				4C27A3B7F5987F7906FD1FFC /* HvControlIf.c */,
				5FB97CEBEC317A8442553017 /* HvControlIf.h */,
				DD6A6949BF6370B835684456 /* HvControlPack.c */,
				991F3F34CB3D27F757E5BAF9 /* HvControlPack.h */,
				FCD5032104499221471BDC9E /* HvControlPrint.c */,
				D9E8785F8C49BAC32170B85F /* HvControlPrint.h */,
				683719E9BAF0E9DE0D818048 /* HvControlRandom.c */,
				1FE9069EAF3F9CC110B3DF7A /* HvControlRandom.h */,
				8A9615FD9DCBD0906DEA597D /* HvControlSlice.c */,
				DD64FE8BDEEF670F690F9D0E /* HvControlSlice.h */,
				482912D803CAB5E3EC914837 /* HvControlSystem.c */,
				315F84428BEA73E1BCA9BE45 /* HvControlSystem.h */,
				D4F39841559427FB8815F160 /* HvControlTabhead.c */,
				11B215A6A9DDDB48C2640928 /* HvControlTabhead.h */,
				884885FA465AFDDEEBE2F09D /* HvControlUnop.c */,
				3897F6886EEAC46571302EF9 /* HvControlUnop.h */,
				4BD5F2F485EACAE2467E1C7B /* HvControlVar.c */,
				B39ECAD5C2A257CF8B852FA6 /* HvControlVar.h */,
				E639AB16AB339C0F8205E7A5 /* HvHeavy.cpp */,
				DCA12DDC28F8DF4C57E82F08 /* HvHeavy.h */,
				EDD955AE2D3FC37E09050CFD /* HvHeavyInternal.h */,
				5BF987159D3E71423493A444 /* HvLightPipe.c */,
				47C7E08979D304BD9772B19E /* HvLightPipe.h */,
				533997F23658887E331C8FBF /* HvMath.h */,
				B81CF6CC1BD01753F81C3994 /* HvMessage.c */,
				EE88E14A2EC4BC4F6D078C4A /* HvMessage.h */,
				784C69286474DE9E2F1FD647 /* HvMessagePool.c */,
				64A942139DEC119150EF6802 /* HvMessagePool.h */,
				34CC452CBAD21F646C05C6A0 /* HvMessageQueue.c */,
				A20FC596D7BC37908DF377CD /* HvMessageQueue.h */,
				26AF030D210A82D97C257F73 /* HvSignalCPole.c */,
				FE0C580D4E202C8470200EC5 /* HvSignalCPole.h */,
				45A6353B9F4E60E1A98356B2 /* HvSignalDel1.c */,
				64B966E10C0E6C91E37862D2 /* HvSignalDel1.h */,
				B908E2342DA6B89A6DF0E013 /* HvSignalLine.c */,
				21A431BC486AA6339AD20B68 /* HvSignalLine.h */,
				3E3A82A2688600C5FBDB4733 /* HvSignalPhasor.c */,
				4D36508ED2DF643DA03E3015 /* HvSignalPhasor.h */,
				0F9D2A61945CCBD427232797 /* HvSignalRPole.c */,
				04C6158C7DD079557BCC2C3D /* HvSignalRPole.h */,
				01FC7AB9ACA93342B9072359 /* HvSignalSamphold.c */,
				65157A84CD0AEDA96AB911FC /* HvSignalSamphold.h */,
				B52C15682211B825339F3D5E /* HvSignalSample.c */,
				126E77D691DDA86C5EDCFB87 /* HvSignalSample.h */,
				CE8C10AD809EF72DD1412569 /* HvSignalTabread.c */,
				F1699809945C11171C5779D2 /* HvSignalTabread.h */,
				858298FEF53AEEE260581533 /* HvSignalTabwrite.c */,
				014B5CC089669435EFA368FB /* HvSignalTabwrite.h */,
				BB44084D2A465E69A6F69233 /* HvSignalVar.c */,
				D64C6617E243FBB985D7147C /* HvSignalVar.h */,
				37EBA2B91A6F16BCDADC17C3 /* HvTable.c */,
				1AF7211A6792959BEB928BBD /* HvTable.h */,
				02D1C6631130EDDD71E60A75 /* HvUtils.c */,
				468EDD0EFA2801DDCA94CE34 /* HvUtils.h */,
			);
			name = shared;
			path = shared;
			sourceTree = "<group>";
		};
/* End PBXGroup section */

/* Begin PBXNativeTarget section */
		5623DB5F188CDB3800AA6C14 /* PhaseRings */ = {
			isa = PBXNativeTarget;
			buildConfigurationList = 5623DB92188CDB3800AA6C14 /* Build configuration list for PBXNativeTarget "PhaseRings" */;
			buildPhases = (
				1286EBA378F93EBA3A1CABCF /* [CP] Check Pods Manifest.lock */,
				5623DB5C188CDB3800AA6C14 /* Sources */,
				5623DB5D188CDB3800AA6C14 /* Frameworks */,
				5623DB5E188CDB3800AA6C14 /* Resources */,
				37E51A4E6E309655D6A05CA9 /* [CP] Copy Pods Resources */,
			);
			buildRules = (
			);
			dependencies = (
			);
			name = PhaseRings;
			productName = PhaseRings;
			productReference = 5623DB60188CDB3800AA6C14 /* PhaseRings.app */;
			productType = "com.apple.product-type.application";
		};
		5623DB80188CDB3800AA6C14 /* PhaseRingsTests */ = {
			isa = PBXNativeTarget;
			buildConfigurationList = 5623DB95188CDB3800AA6C14 /* Build configuration list for PBXNativeTarget "PhaseRingsTests" */;
			buildPhases = (
				5623DB7D188CDB3800AA6C14 /* Sources */,
				5623DB7E188CDB3800AA6C14 /* Frameworks */,
				5623DB7F188CDB3800AA6C14 /* Resources */,
			);
			buildRules = (
			);
			dependencies = (
				5623DB87188CDB3800AA6C14 /* PBXTargetDependency */,
			);
			name = PhaseRingsTests;
			productName = PhaseRingsTests;
			productReference = 5623DB81188CDB3800AA6C14 /* PhaseRingsTests.xctest */;
			productType = "com.apple.product-type.bundle.unit-test";
		};
		564807E31F2EF8B100E01FB2 /* PhaseRingsUITests */ = {
			isa = PBXNativeTarget;
			buildConfigurationList = 564807ED1F2EF8B100E01FB2 /* Build configuration list for PBXNativeTarget "PhaseRingsUITests" */;
			buildPhases = (
				564807E01F2EF8B100E01FB2 /* Sources */,
				564807E11F2EF8B100E01FB2 /* Frameworks */,
				564807E21F2EF8B100E01FB2 /* Resources */,
			);
			buildRules = (
			);
			dependencies = (
				564807EA1F2EF8B100E01FB2 /* PBXTargetDependency */,
			);
			name = PhaseRingsUITests;
			productName = PhaseRingsUITests;
			productReference = 564807E41F2EF8B100E01FB2 /* PhaseRingsUITests.xctest */;
			productType = "com.apple.product-type.bundle.ui-testing";
		};
/* End PBXNativeTarget section */

/* Begin PBXProject section */
		5623DB58188CDB3800AA6C14 /* Project object */ = {
			isa = PBXProject;
			attributes = {
				LastSwiftUpdateCheck = 0830;
				LastUpgradeCheck = 0930;
				ORGANIZATIONNAME = "Charles Martin";
				TargetAttributes = {
					5623DB5F188CDB3800AA6C14 = {
						DevelopmentTeam = EDH387FRHA;
						SystemCapabilities = {
							com.apple.BackgroundModes = {
								enabled = 1;
							};
							com.apple.InterAppAudio = {
								enabled = 1;
							};
						};
					};
					5623DB80188CDB3800AA6C14 = {
						TestTargetID = 5623DB5F188CDB3800AA6C14;
					};
					564807E31F2EF8B100E01FB2 = {
						CreatedOnToolsVersion = 8.3.3;
						DevelopmentTeam = EDH387FRHA;
						ProvisioningStyle = Automatic;
						TestTargetID = 5623DB5F188CDB3800AA6C14;
					};
				};
			};
			buildConfigurationList = 5623DB5B188CDB3800AA6C14 /* Build configuration list for PBXProject "PhaseRings" */;
			compatibilityVersion = "Xcode 3.2";
			developmentRegion = English;
			hasScannedForEncodings = 0;
			knownRegions = (
				English,
				en,
				Base,
				de,
				el,
				es,
				fr,
				it,
				ja,
				nl,
				"pt-PT",
				pt,
				ru,
				sv,
				th,
				tr,
			);
			mainGroup = 5623DB57188CDB3800AA6C14;
			productRefGroup = 5623DB61188CDB3800AA6C14 /* Products */;
			projectDirPath = "";
			projectRoot = "";
			targets = (
				5623DB5F188CDB3800AA6C14 /* PhaseRings */,
				5623DB80188CDB3800AA6C14 /* PhaseRingsTests */,
				564807E31F2EF8B100E01FB2 /* PhaseRingsUITests */,
			);
		};
/* End PBXProject section */

/* Begin PBXResourcesBuildPhase section */
		5623DB5E188CDB3800AA6C14 /* Resources */ = {
			isa = PBXResourcesBuildPhase;
			buildActionMask = 2147483647;
			files = (
				5630CFAC19FE06DE00B3DC89 /* CircleStringsSynthEnvironment.pd in Resources */,
				56E172601991EAF500A36C74 /* PhaseRingSynthEnvironment.pd in Resources */,
				568BDC251A0349300056CF22 /* xylo.wav in Resources */,
				568BDC221A0349300056CF22 /* crotale.wav in Resources */,
				568BDC151A03488B0056CF22 /* SoundScraperSynthEnvironment.pd in Resources */,
				568BDC231A0349300056CF22 /* gong.wav in Resources */,
				5623DB7C188CDB3800AA6C14 /* Images.xcassets in Resources */,
				568BDC241A0349300056CF22 /* marimba.wav in Resources */,
				568BDC201A0349300056CF22 /* almglockenC-441.wav in Resources */,
				5623DB6E188CDB3800AA6C14 /* InfoPlist.strings in Resources */,
				568BDC211A0349300056CF22 /* bowl.wav in Resources */,
				5623DB77188CDB3800AA6C14 /* Main.storyboard in Resources */,
				5658053618C82C44003F3394 /* Settings.bundle in Resources */,
				562375D519F76CF7004F1281 /* Launch Screen.xib in Resources */,
			);
			runOnlyForDeploymentPostprocessing = 0;
		};
		5623DB7F188CDB3800AA6C14 /* Resources */ = {
			isa = PBXResourcesBuildPhase;
			buildActionMask = 2147483647;
			files = (
			);
			runOnlyForDeploymentPostprocessing = 0;
		};
		564807E21F2EF8B100E01FB2 /* Resources */ = {
			isa = PBXResourcesBuildPhase;
			buildActionMask = 2147483647;
			files = (
			);
			runOnlyForDeploymentPostprocessing = 0;
		};
/* End PBXResourcesBuildPhase section */

/* Begin PBXShellScriptBuildPhase section */
		1286EBA378F93EBA3A1CABCF /* [CP] Check Pods Manifest.lock */ = {
			isa = PBXShellScriptBuildPhase;
			buildActionMask = 2147483647;
			files = (
			);
			inputPaths = (
				"${PODS_PODFILE_DIR_PATH}/Podfile.lock",
				"${PODS_ROOT}/Manifest.lock",
			);
			name = "[CP] Check Pods Manifest.lock";
			outputPaths = (
				"$(DERIVED_FILE_DIR)/Pods-PhaseRings-checkManifestLockResult.txt",
			);
			runOnlyForDeploymentPostprocessing = 0;
			shellPath = /bin/sh;
			shellScript = "diff \"${PODS_PODFILE_DIR_PATH}/Podfile.lock\" \"${PODS_ROOT}/Manifest.lock\" > /dev/null\nif [ $? != 0 ] ; then\n    # print error to STDERR\n    echo \"error: The sandbox is not in sync with the Podfile.lock. Run 'pod install' or update your CocoaPods installation.\" >&2\n    exit 1\nfi\n# This output is used by Xcode 'outputs' to avoid re-running this script phase.\necho \"SUCCESS\" > \"${SCRIPT_OUTPUT_FILE_0}\"\n";
			showEnvVarsInLog = 0;
		};
		37E51A4E6E309655D6A05CA9 /* [CP] Copy Pods Resources */ = {
			isa = PBXShellScriptBuildPhase;
			buildActionMask = 2147483647;
			files = (
			);
			inputPaths = (
				"${PODS_ROOT}/Target Support Files/Pods-PhaseRings/Pods-PhaseRings-resources.sh",
				"${PODS_CONFIGURATION_BUILD_DIR}/InAppSettingsKit/InAppSettingsKit.bundle",
			);
			name = "[CP] Copy Pods Resources";
			outputPaths = (
				"${TARGET_BUILD_DIR}/${UNLOCALIZED_RESOURCES_FOLDER_PATH}/InAppSettingsKit.bundle",
			);
			runOnlyForDeploymentPostprocessing = 0;
			shellPath = /bin/sh;
			shellScript = "\"${PODS_ROOT}/Target Support Files/Pods-PhaseRings/Pods-PhaseRings-resources.sh\"\n";
			showEnvVarsInLog = 0;
		};
/* End PBXShellScriptBuildPhase section */

/* Begin PBXSourcesBuildPhase section */
		5623DB5C188CDB3800AA6C14 /* Sources */ = {
			isa = PBXSourcesBuildPhase;
			buildActionMask = 2147483647;
			files = (
				562375CA19F764FC004F1281 /* F53OSCTimeTag.m in Sources */,
				562375D219F764FC004F1281 /* NSString+F53OSCString.m in Sources */,
				5623DB7A188CDB3800AA6C14 /* ViewController.m in Sources */,
				568A0C6D18C96F41007E9A8C /* StudyInBowls1.m in Sources */,
				5623759A19F7610F004F1281 /* MetatoneMidiManager.m in Sources */,
				562375C419F764FC004F1281 /* F53OSCClient.m in Sources */,
				562375C619F764FC004F1281 /* F53OSCPacket.m in Sources */,
				562375CB19F764FC004F1281 /* GCDAsyncSocket.m in Sources */,
				565A2328188F94CA00093B32 /* SingingBowlSetup.m in Sources */,
				56B02B091DA2961F00274E5C /* StateSaver.m in Sources */,
				56C28DB6194A968400E015BB /* NoteColours.m in Sources */,
				562375D119F764FC004F1281 /* NSNumber+F53OSCNumber.m in Sources */,
				5623759B19F7610F004F1281 /* PGMidi.mm in Sources */,
				564C44B31952B05500FD0E8B /* GenerativeSetupComposition.m in Sources */,
				562375C519F764FC004F1281 /* F53OSCMessage.m in Sources */,
				5623759C19F7610F004F1281 /* PGMidiAllSources.mm in Sources */,
				562375D019F764FC004F1281 /* NSDate+F53OSCTimeTag.m in Sources */,
				565A2324188F94AE00093B32 /* SingingBowlView.m in Sources */,
				56B7898F1897327D00B6AE22 /* SingingBowlComposition.m in Sources */,
				562375C719F764FC004F1281 /* F53OSCParser.m in Sources */,
				562375C319F764FC004F1281 /* F53OSCBundle.m in Sources */,
				5623DB74188CDB3800AA6C14 /* AppDelegate.m in Sources */,
				562375C819F764FC004F1281 /* F53OSCServer.m in Sources */,
				564C44B71952BE7500FD0E8B /* ScaleMaker.m in Sources */,
				5674AF24195011370052121E /* MetatoneEnsembleView.m in Sources */,
				562375C919F764FC004F1281 /* F53OSCSocket.m in Sources */,
				562375CE19F764FC004F1281 /* MetatoneNetworkManager.m in Sources */,
				5623DB70188CDB3800AA6C14 /* main.m in Sources */,
				562375CC19F764FC004F1281 /* GCDAsyncUdpSocket.m in Sources */,
				562375CF19F764FC004F1281 /* NSData+F53OSCBlob.m in Sources */,
				5623759D19F7610F004F1281 /* PGMidiFind.mm in Sources */,
				AB102CAD8253A85186C189F1 /* HeavyAudioEngine.mm in Sources */,
				1168CEEE4C2E62A5386A8DBC /* HeavyContext.cpp in Sources */,
				DCCE5A10BF97634D35FD78EC /* HvControlBinop.c in Sources */,
				5243D28320B972DF28C2304C /* HvControlCast.c in Sources */,
				F36A7E0CB8F0F7F4A7E70209 /* HvControlDelay.c in Sources */,
				53DEBB85CC615B727C3CAD6D /* HvControlExpr.c in Sources */,
				FCFA2BCE66A43E0DB6F47ADA /* HvControlIf.c in Sources */,
				E178B2E862A5903400C0AA23 /* HvControlPack.c in Sources */,
				7DD7E2AB55E0911A1A904496 /* HvControlPrint.c in Sources */,
				80078AC03EF90BA07DCAF9EA /* HvControlRandom.c in Sources */,
				FD1520809715183C4338EFE1 /* HvControlSlice.c in Sources */,
				748802CE390F2C70AC21EEA7 /* HvControlSystem.c in Sources */,
				E7D6B2145A6353375BCAD363 /* HvControlTabhead.c in Sources */,
				EB5E7A6D04CBCCF34E14FF84 /* HvControlUnop.c in Sources */,
				D948F3C40BB71B5B5B7D5E1C /* HvControlVar.c in Sources */,
				253C6EC4279FE57F225475C6 /* HvHeavy.cpp in Sources */,
				560F91263CC9815ED4B0ABDB /* HvLightPipe.c in Sources */,
				A2314649EABB3D54316896B4 /* HvMessage.c in Sources */,
				89392BB21169E7EFA88F227B /* HvMessagePool.c in Sources */,
				5A76991AF34A2EB108B29E71 /* HvMessageQueue.c in Sources */,
				5BA7D538F9CF235A4D80A66D /* HvSignalCPole.c in Sources */,
				652E3D065D483AADE2AB3279 /* HvSignalDel1.c in Sources */,
				B433C27E694AB8EE649DA106 /* HvSignalLine.c in Sources */,
				E5BB5E0648299DF8742BCB55 /* HvSignalPhasor.c in Sources */,
				807A8872DBFEF41ABF5DC360 /* HvSignalRPole.c in Sources */,
				3B856ACC2796448B5B0A6BF1 /* HvSignalSamphold.c in Sources */,
				2A9BB914A154333EF5982238 /* HvSignalSample.c in Sources */,
				0080F29AE221607AEC9FEBB2 /* HvSignalTabread.c in Sources */,
				54ABA3028B87F638B161E2C6 /* HvSignalTabwrite.c in Sources */,
				A9F0513D4A01FEF52F03BAC1 /* HvSignalVar.c in Sources */,
				6A4CE84C355795479A4FCDC1 /* HvTable.c in Sources */,
				D5AE7CFB87D666F428F8EC58 /* HvUtils.c in Sources */,
				28CBC137CFF31317AD3BB7D5 /* Heavy_PhaseRing.cpp in Sources */,
				746BA5C5D0F3D2A2858CC3DC /* Heavy_CircleStrings.cpp in Sources */,
				94BA3A23188B65CD10B7EE54 /* Heavy_SoundScraper.cpp in Sources */,
			);
			runOnlyForDeploymentPostprocessing = 0;
		};
		5623DB7D188CDB3800AA6C14 /* Sources */ = {
			isa = PBXSourcesBuildPhase;
			buildActionMask = 2147483647;
			files = (
				7E06061100000000000000C0 /* ScaleMakerTests.m in Sources */,
				7E06062100000000000000C0 /* SingingBowlSetupTests.m in Sources */,
				7E06063100000000000000C0 /* GenerativeSetupCompositionTests.m in Sources */,
			);
			runOnlyForDeploymentPostprocessing = 0;
		};
		564807E01F2EF8B100E01FB2 /* Sources */ = {
			isa = PBXSourcesBuildPhase;
			buildActionMask = 2147483647;
			files = (
				564807E71F2EF8B100E01FB2 /* PhaseRingsUITests.swift in Sources */,
			);
			runOnlyForDeploymentPostprocessing = 0;
		};
/* End PBXSourcesBuildPhase section */

/* Begin PBXTargetDependency section */
		5623DB87188CDB3800AA6C14 /* PBXTargetDependency */ = {
			isa = PBXTargetDependency;
			target = 5623DB5F188CDB3800AA6C14 /* PhaseRings */;
			targetProxy = 5623DB86188CDB3800AA6C14 /* PBXContainerItemProxy */;
		};
		564807EA1F2EF8B100E01FB2 /* PBXTargetDependency */ = {
			isa = PBXTargetDependency;
			target = 5623DB5F188CDB3800AA6C14 /* PhaseRings */;
			targetProxy = 564807E91F2EF8B100E01FB2 /* PBXContainerItemProxy */;
		};
/* End PBXTargetDependency section */

/* Begin PBXVariantGroup section */
		5623DB6C188CDB3800AA6C14 /* InfoPlist.strings */ = {
			isa = PBXVariantGroup;
			children = (
				5623DB6D188CDB3800AA6C14 /* en */,
			);
			name = InfoPlist.strings;
			sourceTree = "<group>";
		};
		5623DB75188CDB3800AA6C14 /* Main.storyboard */ = {
			isa = PBXVariantGroup;
			children = (
				5623DB76188CDB3800AA6C14 /* Base */,
			);
			name = Main.storyboard;
			sourceTree = "<group>";
		};
/* End PBXVariantGroup section */

/* Begin XCBuildConfiguration section */
		5623DB90188CDB3800AA6C14 /* Debug */ = {
			isa = XCBuildConfiguration;
			buildSettings = {
				ALWAYS_SEARCH_USER_PATHS = NO;
				CLANG_ANALYZER_LOCALIZABILITY_NONLOCALIZED = YES;
				CLANG_CXX_LANGUAGE_STANDARD = "gnu++0x";
				CLANG_CXX_LIBRARY = "libc++";
				CLANG_ENABLE_MODULES = YES;
				CLANG_ENABLE_OBJC_ARC = YES;
				CLANG_WARN_BLOCK_CAPTURE_AUTORELEASING = YES;
				CLANG_WARN_BOOL_CONVERSION = YES;
				CLANG_WARN_COMMA = YES;
				CLANG_WARN_CONSTANT_CONVERSION = YES;
				CLANG_WARN_DEPRECATED_OBJC_IMPLEMENTATIONS = YES;
				CLANG_WARN_DIRECT_OBJC_ISA_USAGE = YES_ERROR;
				CLANG_WARN_EMPTY_BODY = YES;
				CLANG_WARN_ENUM_CONVERSION = YES;
				CLANG_WARN_INFINITE_RECURSION = YES;
				CLANG_WARN_INT_CONVERSION = YES;
				CLANG_WARN_NON_LITERAL_NULL_CONVERSION = YES;
				CLANG_WARN_OBJC_IMPLICIT_RETAIN_SELF = YES;
				CLANG_WARN_OBJC_LITERAL_CONVERSION = YES;
				CLANG_WARN_OBJC_ROOT_CLASS = YES_ERROR;
				CLANG_WARN_RANGE_LOOP_ANALYSIS = YES;
				CLANG_WARN_STRICT_PROTOTYPES = YES;
				CLANG_WARN_SUSPICIOUS_MOVE = YES;
				CLANG_WARN_UNREACHABLE_CODE = YES;
				CLANG_WARN__DUPLICATE_METHOD_MATCH = YES;
				CODE_SIGN_IDENTITY = "";
				"CODE_SIGN_IDENTITY[sdk=iphoneos*]" = "Apple Development";
				COPY_PHASE_STRIP = NO;
				ENABLE_BITCODE = NO;
				ENABLE_STRICT_OBJC_MSGSEND = YES;
				ENABLE_TESTABILITY = YES;
				GCC_C_LANGUAGE_STANDARD = gnu99;
				GCC_DYNAMIC_NO_PIC = NO;
				GCC_NO_COMMON_BLOCKS = YES;
				GCC_OPTIMIZATION_LEVEL = 0;
				GCC_PREPROCESSOR_DEFINITIONS = (
					"DEBUG=1",
					"$(inherited)",
				);
				GCC_SYMBOLS_PRIVATE_EXTERN = NO;
				GCC_WARN_64_TO_32_BIT_CONVERSION = YES;
				GCC_WARN_ABOUT_RETURN_TYPE = YES_ERROR;
				GCC_WARN_UNDECLARED_SELECTOR = YES;
				GCC_WARN_UNINITIALIZED_AUTOS = YES;
				GCC_WARN_UNUSED_FUNCTION = YES;
				GCC_WARN_UNUSED_VARIABLE = YES;
				IPHONEOS_DEPLOYMENT_TARGET = 14.0;
				ONLY_ACTIVE_ARCH = YES;
				PROVISIONING_PROFILE = "";
				SDKROOT = iphoneos;
				TARGETED_DEVICE_FAMILY = "1,2";
			};
			name = Debug;
		};
		5623DB91188CDB3800AA6C14 /* Release */ = {
			isa = XCBuildConfiguration;
			buildSettings = {
				ALWAYS_SEARCH_USER_PATHS = NO;
				CLANG_ANALYZER_LOCALIZABILITY_NONLOCALIZED = YES;
				CLANG_CXX_LANGUAGE_STANDARD = "gnu++0x";
				CLANG_CXX_LIBRARY = "libc++";
				CLANG_ENABLE_MODULES = YES;
				CLANG_ENABLE_OBJC_ARC = YES;
				CLANG_WARN_BLOCK_CAPTURE_AUTORELEASING = YES;
				CLANG_WARN_BOOL_CONVERSION = YES;
				CLANG_WARN_COMMA = YES;
				CLANG_WARN_CONSTANT_CONVERSION = YES;
				CLANG_WARN_DEPRECATED_OBJC_IMPLEMENTATIONS = YES;
				CLANG_WARN_DIRECT_OBJC_ISA_USAGE = YES_ERROR;
				CLANG_WARN_EMPTY_BODY = YES;
				CLANG_WARN_ENUM_CONVERSION = YES;
				CLANG_WARN_INFINITE_RECURSION = YES;
				CLANG_WARN_INT_CONVERSION = YES;
				CLANG_WARN_NON_LITERAL_NULL_CONVERSION = YES;
				CLANG_WARN_OBJC_IMPLICIT_RETAIN_SELF = YES;
				CLANG_WARN_OBJC_LITERAL_CONVERSION = YES;
				CLANG_WARN_OBJC_ROOT_CLASS = YES_ERROR;
				CLANG_WARN_RANGE_LOOP_ANALYSIS = YES;
				CLANG_WARN_STRICT_PROTOTYPES = YES;
				CLANG_WARN_SUSPICIOUS_MOVE = YES;
				CLANG_WARN_UNREACHABLE_CODE = YES;
				CLANG_WARN__DUPLICATE_METHOD_MATCH = YES;
				CODE_SIGN_IDENTITY = "";
				"CODE_SIGN_IDENTITY[sdk=iphoneos*]" = "Apple Development";
				COPY_PHASE_STRIP = YES;
				ENABLE_BITCODE = NO;
				ENABLE_NS_ASSERTIONS = NO;
				ENABLE_STRICT_OBJC_MSGSEND = YES;
				GCC_C_LANGUAGE_STANDARD = gnu99;
				GCC_NO_COMMON_BLOCKS = YES;
				GCC_WARN_64_TO_32_BIT_CONVERSION = YES;
				GCC_WARN_ABOUT_RETURN_TYPE = YES_ERROR;
				GCC_WARN_UNDECLARED_SELECTOR = YES;
				GCC_WARN_UNINITIALIZED_AUTOS = YES;
				GCC_WARN_UNUSED_FUNCTION = YES;
				GCC_WARN_UNUSED_VARIABLE = YES;
				IPHONEOS_DEPLOYMENT_TARGET = 14.0;
				ONLY_ACTIVE_ARCH = NO;
				PROVISIONING_PROFILE = "";
				SDKROOT = iphoneos;
				SWIFT_OPTIMIZATION_LEVEL = "-Owholemodule";
				TARGETED_DEVICE_FAMILY = "1,2";
				VALIDATE_PRODUCT = YES;
			};
			name = Release;
		};
		5623DB93188CDB3800AA6C14 /* Debug */ = {
			isa = XCBuildConfiguration;
			baseConfigurationReference = 088119280FAFA6FADE7AE23E /* Pods-PhaseRings.debug.xcconfig */;
			buildSettings = {
				ASSETCATALOG_COMPILER_APPICON_NAME = Icon;
				CODE_SIGN_ENTITLEMENTS = PhaseRings.entitlements;
				CODE_SIGN_IDENTITY = "Apple Development";
				"CODE_SIGN_IDENTITY[sdk=iphoneos*]" = "Apple Development";
				DEVELOPMENT_TEAM = EDH387FRHA;
				GCC_PRECOMPILE_PREFIX_HEADER = YES;
				GCC_PREFIX_HEADER = "PhaseRings/PhaseRings-Prefix.pch";
				HEADER_SEARCH_PATHS = (
					"$(inherited)",
					"$(SRCROOT)/PhaseRings/Heavy/shared",
				);
				INFOPLIST_FILE = "PhaseRings/PhaseRings-Info.plist";
				INFOPLIST_KEY_LSApplicationCategoryType = "public.app-category.music";
				IPHONEOS_DEPLOYMENT_TARGET = 14.0;
				ONLY_ACTIVE_ARCH = NO;
				PRODUCT_BUNDLE_IDENTIFIER = "au.com.charlesmartin.$(PRODUCT_NAME:rfc1034identifier)";
				PRODUCT_NAME = PhaseRings;
				PROVISIONING_PROFILE = "";
				TARGETED_DEVICE_FAMILY = "1,2";
				WRAPPER_EXTENSION = app;
			};
			name = Debug;
		};
		5623DB94188CDB3800AA6C14 /* Release */ = {
			isa = XCBuildConfiguration;
			baseConfigurationReference = 3A0114F5E08792A1FB4B70E9 /* Pods-PhaseRings.release.xcconfig */;
			buildSettings = {
				ASSETCATALOG_COMPILER_APPICON_NAME = Icon;
				CODE_SIGN_ENTITLEMENTS = PhaseRings.entitlements;
				CODE_SIGN_IDENTITY = "Apple Development";
				"CODE_SIGN_IDENTITY[sdk=iphoneos*]" = "Apple Development";
				DEVELOPMENT_TEAM = EDH387FRHA;
				GCC_PRECOMPILE_PREFIX_HEADER = YES;
				GCC_PREFIX_HEADER = "PhaseRings/PhaseRings-Prefix.pch";
				HEADER_SEARCH_PATHS = (
					"$(inherited)",
					"$(SRCROOT)/PhaseRings/Heavy/shared",
				);
				INFOPLIST_FILE = "PhaseRings/PhaseRings-Info.plist";
				INFOPLIST_KEY_LSApplicationCategoryType = "public.app-category.music";
				IPHONEOS_DEPLOYMENT_TARGET = 14.0;
				ONLY_ACTIVE_ARCH = NO;
				PRODUCT_BUNDLE_IDENTIFIER = "au.com.charlesmartin.$(PRODUCT_NAME:rfc1034identifier)";
				PRODUCT_NAME = PhaseRings;
				PROVISIONING_PROFILE = "";
				TARGETED_DEVICE_FAMILY = "1,2";
				WRAPPER_EXTENSION = app;
			};
			name = Release;
		};
		5623DB96188CDB3800AA6C14 /* Debug */ = {
			isa = XCBuildConfiguration;
			buildSettings = {
				BUNDLE_LOADER = "$(TEST_HOST)";
				FRAMEWORK_SEARCH_PATHS = (
					"$(SDKROOT)/Developer/Library/Frameworks",
					"$(inherited)",
					"$(DEVELOPER_FRAMEWORKS_DIR)",
				);
				GCC_PREPROCESSOR_DEFINITIONS = (
					"DEBUG=1",
					"$(inherited)",
				);
				HEADER_SEARCH_PATHS = (
					"$(inherited)",
					"$(SRCROOT)/PhaseRings",
				);
				INFOPLIST_FILE = "PhaseRingsTests/PhaseRingsTests-Info.plist";
				IPHONEOS_DEPLOYMENT_TARGET = 14.0;
				PRODUCT_BUNDLE_IDENTIFIER = "au.com.charlesmartin.${PRODUCT_NAME:rfc1034identifier}";
				PRODUCT_NAME = PhaseRingsTests;
				TEST_HOST = "$(BUILT_PRODUCTS_DIR)/PhaseRings.app/PhaseRings";
				WRAPPER_EXTENSION = xctest;
			};
			name = Debug;
		};
		5623DB97188CDB3800AA6C14 /* Release */ = {
			isa = XCBuildConfiguration;
			buildSettings = {
				BUNDLE_LOADER = "$(TEST_HOST)";
				FRAMEWORK_SEARCH_PATHS = (
					"$(SDKROOT)/Developer/Library/Frameworks",
					"$(inherited)",
					"$(DEVELOPER_FRAMEWORKS_DIR)",
				);
				HEADER_SEARCH_PATHS = (
					"$(inherited)",
					"$(SRCROOT)/PhaseRings",
				);
				INFOPLIST_FILE = "PhaseRingsTests/PhaseRingsTests-Info.plist";
				IPHONEOS_DEPLOYMENT_TARGET = 14.0;
				PRODUCT_BUNDLE_IDENTIFIER = "au.com.charlesmartin.${PRODUCT_NAME:rfc1034identifier}";
				PRODUCT_NAME = PhaseRingsTests;
				TEST_HOST = "$(BUILT_PRODUCTS_DIR)/PhaseRings.app/PhaseRings";
				WRAPPER_EXTENSION = xctest;
			};
			name = Release;
		};
		564807EB1F2EF8B100E01FB2 /* Debug */ = {
			isa = XCBuildConfiguration;
			buildSettings = {
				CLANG_ANALYZER_NONNULL = YES;
				CLANG_ANALYZER_NUMBER_OBJECT_CONVERSION = YES_AGGRESSIVE;
				CLANG_WARN_DOCUMENTATION_COMMENTS = YES;
				DEBUG_INFORMATION_FORMAT = dwarf;
				DEVELOPMENT_TEAM = EDH387FRHA;
				GCC_WARN_UNINITIALIZED_AUTOS = YES_AGGRESSIVE;
				INFOPLIST_FILE = PhaseRingsUITests/Info.plist;
				IPHONEOS_DEPLOYMENT_TARGET = 14.0;
				LD_RUNPATH_SEARCH_PATHS = "$(inherited) @executable_path/Frameworks @loader_path/Frameworks";
				MTL_ENABLE_DEBUG_INFO = YES;
				PRODUCT_BUNDLE_IDENTIFIER = au.com.charlesmartin.PhaseRingsUITests;
				PRODUCT_NAME = "$(TARGET_NAME)";
				SWIFT_ACTIVE_COMPILATION_CONDITIONS = DEBUG;
				SWIFT_OPTIMIZATION_LEVEL = "-Onone";
				SWIFT_VERSION = 5.0;
				TEST_TARGET_NAME = PhaseRings;
			};
			name = Debug;
		};
		564807EC1F2EF8B100E01FB2 /* Release */ = {
			isa = XCBuildConfiguration;
			buildSettings = {
				CLANG_ANALYZER_NONNULL = YES;
				CLANG_ANALYZER_NUMBER_OBJECT_CONVERSION = YES_AGGRESSIVE;
				CLANG_WARN_DOCUMENTATION_COMMENTS = YES;
				COPY_PHASE_STRIP = NO;
				DEBUG_INFORMATION_FORMAT = "dwarf-with-dsym";
				DEVELOPMENT_TEAM = EDH387FRHA;
				GCC_WARN_UNINITIALIZED_AUTOS = YES_AGGRESSIVE;
				INFOPLIST_FILE = PhaseRingsUITests/Info.plist;
				IPHONEOS_DEPLOYMENT_TARGET = 14.0;
				LD_RUNPATH_SEARCH_PATHS = "$(inherited) @executable_path/Frameworks @loader_path/Frameworks";
				MTL_ENABLE_DEBUG_INFO = NO;
				PRODUCT_BUNDLE_IDENTIFIER = au.com.charlesmartin.PhaseRingsUITests;
				PRODUCT_NAME = "$(TARGET_NAME)";
				SWIFT_OPTIMIZATION_LEVEL = "-Owholemodule";
				SWIFT_VERSION = 5.0;
				TEST_TARGET_NAME = PhaseRings;
			};
			name = Release;
		};
/* End XCBuildConfiguration section */

/* Begin XCConfigurationList section */
		5623DB5B188CDB3800AA6C14 /* Build configuration list for PBXProject "PhaseRings" */ = {
			isa = XCConfigurationList;
			buildConfigurations = (
				5623DB90188CDB3800AA6C14 /* Debug */,
				5623DB91188CDB3800AA6C14 /* Release */,
			);
			defaultConfigurationIsVisible = 0;
			defaultConfigurationName = Release;
		};
		5623DB92188CDB3800AA6C14 /* Build configuration list for PBXNativeTarget "PhaseRings" */ = {
			isa = XCConfigurationList;
			buildConfigurations = (
				5623DB93188CDB3800AA6C14 /* Debug */,
				5623DB94188CDB3800AA6C14 /* Release */,
			);
			defaultConfigurationIsVisible = 0;
			defaultConfigurationName = Release;
		};
		5623DB95188CDB3800AA6C14 /* Build configuration list for PBXNativeTarget "PhaseRingsTests" */ = {
			isa = XCConfigurationList;
			buildConfigurations = (
				5623DB96188CDB3800AA6C14 /* Debug */,
				5623DB97188CDB3800AA6C14 /* Release */,
			);
			defaultConfigurationIsVisible = 0;
			defaultConfigurationName = Release;
		};
		564807ED1F2EF8B100E01FB2 /* Build configuration list for PBXNativeTarget "PhaseRingsUITests" */ = {
			isa = XCConfigurationList;
			buildConfigurations = (
				564807EB1F2EF8B100E01FB2 /* Debug */,
				564807EC1F2EF8B100E01FB2 /* Release */,
			);
			defaultConfigurationIsVisible = 0;
			defaultConfigurationName = Release;
		};
/* End XCConfigurationList section */
	};
	rootObject = 5623DB58188CDB3800AA6C14 /* Project object */;
}
